// !$*UTF8*$!
{
	archiveVersion = 1;
	classes = {
	};
	objectVersion = 56;
	objects = {

/* Begin PBXBuildFile section */
		7B5C11602BDFEADC0056C2BC /* ScholarshipPostingSheet.swift in Sources */ = {isa = PBXBuildFile; fileRef = 7B5C115F2BDFEADC0056C2BC /* ScholarshipPostingSheet.swift */; };
		7B5C11632BE12E3F0056C2BC /* MyPageActor.swift in Sources */ = {isa = PBXBuildFile; fileRef = 7B5C11612BE12E3F0056C2BC /* MyPageActor.swift */; };
		7B5C11642BE12E3F0056C2BC /* MyPageViewModel.swift in Sources */ = {isa = PBXBuildFile; fileRef = 7B5C11622BE12E3F0056C2BC /* MyPageViewModel.swift */; };
		7B5C11692BE142010056C2BC /* MyInformationActor.swift in Sources */ = {isa = PBXBuildFile; fileRef = 7B5C11662BE142010056C2BC /* MyInformationActor.swift */; };
		7B5C116A2BE142010056C2BC /* MyInformationView.swift in Sources */ = {isa = PBXBuildFile; fileRef = 7B5C11672BE142010056C2BC /* MyInformationView.swift */; };
		7B5C116B2BE142010056C2BC /* MyInformationViewModel.swift in Sources */ = {isa = PBXBuildFile; fileRef = 7B5C11682BE142010056C2BC /* MyInformationViewModel.swift */; };
		7B6445A22BCFF89A00D4AF74 /* Chip.swift in Sources */ = {isa = PBXBuildFile; fileRef = 7B6445A12BCFF89A00D4AF74 /* Chip.swift */; };
		7B6445B92BD526EF00D4AF74 /* OnboardingMainActor.swift in Sources */ = {isa = PBXBuildFile; fileRef = 7B6445B62BD526EF00D4AF74 /* OnboardingMainActor.swift */; };
		7B6445BA2BD526EF00D4AF74 /* OnboardingMainView.swift in Sources */ = {isa = PBXBuildFile; fileRef = 7B6445B72BD526EF00D4AF74 /* OnboardingMainView.swift */; };
		7B6445BB2BD526EF00D4AF74 /* OnboardingMainViewModel.swift in Sources */ = {isa = PBXBuildFile; fileRef = 7B6445B82BD526EF00D4AF74 /* OnboardingMainViewModel.swift */; };
		7B6445BD2BD5272B00D4AF74 /* SemesterYear.swift in Sources */ = {isa = PBXBuildFile; fileRef = 7B6445BC2BD5272B00D4AF74 /* SemesterYear.swift */; };
		7B6445BF2BD5277600D4AF74 /* Gender.swift in Sources */ = {isa = PBXBuildFile; fileRef = 7B6445BE2BD5277600D4AF74 /* Gender.swift */; };
		7B6445C12BD527CB00D4AF74 /* SexSelectionView.swift in Sources */ = {isa = PBXBuildFile; fileRef = 7B6445C02BD527CB00D4AF74 /* SexSelectionView.swift */; };
		7B6445C42BD5295A00D4AF74 /* DateSelectionView.swift in Sources */ = {isa = PBXBuildFile; fileRef = 7B6445C32BD5295A00D4AF74 /* DateSelectionView.swift */; };
		7B6445C62BD534F500D4AF74 /* SemesterYearSelectionView.swift in Sources */ = {isa = PBXBuildFile; fileRef = 7B6445C52BD534F400D4AF74 /* SemesterYearSelectionView.swift */; };
		7B6445C92BD53D1B00D4AF74 /* OnboardingBeginView.swift in Sources */ = {isa = PBXBuildFile; fileRef = 7B6445C82BD53D1B00D4AF74 /* OnboardingBeginView.swift */; };
		7B6445CB2BD6A2A700D4AF74 /* IncomeConfirmView.swift in Sources */ = {isa = PBXBuildFile; fileRef = 7B6445CA2BD6A2A700D4AF74 /* IncomeConfirmView.swift */; };
		7B6445CD2BD6AC8F00D4AF74 /* GrayLineNumberFieldView.swift in Sources */ = {isa = PBXBuildFile; fileRef = 7B6445CC2BD6AC8F00D4AF74 /* GrayLineNumberFieldView.swift */; };
		7B6445CF2BD6BAA200D4AF74 /* MaxGradeSheet.swift in Sources */ = {isa = PBXBuildFile; fileRef = 7B6445CE2BD6BAA200D4AF74 /* MaxGradeSheet.swift */; };
		7B6445D22BD7D67B00D4AF74 /* OnboardingWaitingView.swift in Sources */ = {isa = PBXBuildFile; fileRef = 7B6445D12BD7D67B00D4AF74 /* OnboardingWaitingView.swift */; };
		7B6445D52BD80CE600D4AF74 /* OnboardingEndView.swift in Sources */ = {isa = PBXBuildFile; fileRef = 7B6445D42BD80CE600D4AF74 /* OnboardingEndView.swift */; };
		7B6445D72BDBF1B500D4AF74 /* OnboardingCompleteView.swift in Sources */ = {isa = PBXBuildFile; fileRef = 7B6445D62BDBF1B500D4AF74 /* OnboardingCompleteView.swift */; };
		7B6445D92BDD489F00D4AF74 /* EnrollmentStatusGrid.swift in Sources */ = {isa = PBXBuildFile; fileRef = 7B6445D82BDD489F00D4AF74 /* EnrollmentStatusGrid.swift */; };
		7B6445DB2BDD5FC400D4AF74 /* VerticalButtonGroup.swift in Sources */ = {isa = PBXBuildFile; fileRef = 7B6445DA2BDD5FC400D4AF74 /* VerticalButtonGroup.swift */; };
		FB19C91F2BE122B90039205E /* NotificationManager.swift in Sources */ = {isa = PBXBuildFile; fileRef = FB19C91E2BE122B90039205E /* NotificationManager.swift */; };
		FB19C9212BE147410039205E /* SupportedCategory.swift in Sources */ = {isa = PBXBuildFile; fileRef = FB19C9202BE147410039205E /* SupportedCategory.swift */; };
		FB19C9232BE1476E0039205E /* StorageCategory.swift in Sources */ = {isa = PBXBuildFile; fileRef = FB19C9222BE1476E0039205E /* StorageCategory.swift */; };
		FB19C9252BE147850039205E /* MyScholarshipCategory.swift in Sources */ = {isa = PBXBuildFile; fileRef = FB19C9242BE147850039205E /* MyScholarshipCategory.swift */; };
		FB19C9272BE147970039205E /* MyScholarshipViewModel.swift in Sources */ = {isa = PBXBuildFile; fileRef = FB19C9262BE147970039205E /* MyScholarshipViewModel.swift */; };
		FB27A2AB2BD2A118007C62D0 /* SearchScholarshipView.swift in Sources */ = {isa = PBXBuildFile; fileRef = FB27A2A92BD2A118007C62D0 /* SearchScholarshipView.swift */; };
		FB27A2AC2BD2A118007C62D0 /* SearchScholarshipViewModel.swift in Sources */ = {isa = PBXBuildFile; fileRef = FB27A2AA2BD2A118007C62D0 /* SearchScholarshipViewModel.swift */; };
		FB27A2AE2BD2A124007C62D0 /* SearchScholarshipStatus.swift in Sources */ = {isa = PBXBuildFile; fileRef = FB27A2AD2BD2A124007C62D0 /* SearchScholarshipStatus.swift */; };
		FB27A2B12BD2A933007C62D0 /* ChipsGroupView.swift in Sources */ = {isa = PBXBuildFile; fileRef = FB27A2B02BD2A933007C62D0 /* ChipsGroupView.swift */; };
		FB27A2B32BD2ABAC007C62D0 /* UserDefaultKey.swift in Sources */ = {isa = PBXBuildFile; fileRef = FB27A2B22BD2ABAC007C62D0 /* UserDefaultKey.swift */; };
		FB2930692BDC0633009AB2EF /* ResetInfoActor.swift in Sources */ = {isa = PBXBuildFile; fileRef = FB2930662BDC0633009AB2EF /* ResetInfoActor.swift */; };
		FB29306A2BDC0633009AB2EF /* SettingView.swift in Sources */ = {isa = PBXBuildFile; fileRef = FB2930672BDC0633009AB2EF /* SettingView.swift */; };
		FB29306B2BDC0633009AB2EF /* ResetInfoViewModel.swift in Sources */ = {isa = PBXBuildFile; fileRef = FB2930682BDC0633009AB2EF /* ResetInfoViewModel.swift */; };
		FB29306D2BDC0907009AB2EF /* secret.swift in Sources */ = {isa = PBXBuildFile; fileRef = FB29306C2BDC0907009AB2EF /* secret.swift */; };
		FB29306F2BDC09D6009AB2EF /* NavigationDefaultView.swift in Sources */ = {isa = PBXBuildFile; fileRef = FB29306E2BDC09D6009AB2EF /* NavigationDefaultView.swift */; };
		FB2930742BDC0AB3009AB2EF /* WebTotalView.swift in Sources */ = {isa = PBXBuildFile; fileRef = FB2930732BDC0AB3009AB2EF /* WebTotalView.swift */; };
		FB2930762BDC0AD3009AB2EF /* WebView.swift in Sources */ = {isa = PBXBuildFile; fileRef = FB2930752BDC0AD3009AB2EF /* WebView.swift */; };
		FB2930782BDC0C91009AB2EF /* SettingWebView.swift in Sources */ = {isa = PBXBuildFile; fileRef = FB2930772BDC0C90009AB2EF /* SettingWebView.swift */; };
		FB29307A2BDC1066009AB2EF /* ResetInfoView.swift in Sources */ = {isa = PBXBuildFile; fileRef = FB2930792BDC1066009AB2EF /* ResetInfoView.swift */; };
		FB29307C2BDC14B1009AB2EF /* CustomAlertView.swift in Sources */ = {isa = PBXBuildFile; fileRef = FB29307B2BDC14B1009AB2EF /* CustomAlertView.swift */; };
		FB2930822BDE6A1F009AB2EF /* SuccessFailView.swift in Sources */ = {isa = PBXBuildFile; fileRef = FB2930812BDE6A1E009AB2EF /* SuccessFailView.swift */; };
		FB2930842BDE740E009AB2EF /* TextFieldDynamicWidth.swift in Sources */ = {isa = PBXBuildFile; fileRef = FB2930832BDE740E009AB2EF /* TextFieldDynamicWidth.swift */; };
		FB676A9E2BD50A410077700E /* Onboarding.swift in Sources */ = {isa = PBXBuildFile; fileRef = FB676A9D2BD50A410077700E /* Onboarding.swift */; };
		FB676AA02BD50A510077700E /* MyScholarship.swift in Sources */ = {isa = PBXBuildFile; fileRef = FB676A9F2BD50A510077700E /* MyScholarship.swift */; };
		FB676AA22BD50A5A0077700E /* MyPage.swift in Sources */ = {isa = PBXBuildFile; fileRef = FB676AA12BD50A5A0077700E /* MyPage.swift */; };
		FB676AA72BD51A8A0077700E /* DetailScholarshipViewModel.swift in Sources */ = {isa = PBXBuildFile; fileRef = FB676AA62BD51A8A0077700E /* DetailScholarshipViewModel.swift */; };
		FB676AA92BD51A9C0077700E /* DetailScholarshipActor.swift in Sources */ = {isa = PBXBuildFile; fileRef = FB676AA82BD51A9C0077700E /* DetailScholarshipActor.swift */; };
		FB9785F32BE4A45000F8A281 /* MyScholarshopBoxListActor.swift in Sources */ = {isa = PBXBuildFile; fileRef = FB9785F22BE4A45000F8A281 /* MyScholarshopBoxListActor.swift */; };
		FB978C902BCD770600347D47 /* janghakhereApp.swift in Sources */ = {isa = PBXBuildFile; fileRef = FB978C8F2BCD770600347D47 /* janghakhereApp.swift */; };
		FB978C922BCD770600347D47 /* SwiftDataView.swift in Sources */ = {isa = PBXBuildFile; fileRef = FB978C912BCD770600347D47 /* SwiftDataView.swift */; };
		FB978C942BCD770600347D47 /* Item.swift in Sources */ = {isa = PBXBuildFile; fileRef = FB978C932BCD770600347D47 /* Item.swift */; };
		FB978C962BCD770800347D47 /* Assets.xcassets in Resources */ = {isa = PBXBuildFile; fileRef = FB978C952BCD770800347D47 /* Assets.xcassets */; };
		FB978C992BCD770800347D47 /* Preview Assets.xcassets in Resources */ = {isa = PBXBuildFile; fileRef = FB978C982BCD770800347D47 /* Preview Assets.xcassets */; };
		FB978CA12BCD773600347D47 /* FirstView.swift in Sources */ = {isa = PBXBuildFile; fileRef = FB978CA02BCD773600347D47 /* FirstView.swift */; };
		FB978CA42BCD777000347D47 /* Utils.swift in Sources */ = {isa = PBXBuildFile; fileRef = FB978CA32BCD777000347D47 /* Utils.swift */; };
		FB978CA62BCD79CF00347D47 /* MyScholarshipView.swift in Sources */ = {isa = PBXBuildFile; fileRef = FB978CA52BCD79CF00347D47 /* MyScholarshipView.swift */; };
		FB978CA82BCD79E900347D47 /* AllScholarshipView.swift in Sources */ = {isa = PBXBuildFile; fileRef = FB978CA72BCD79E900347D47 /* AllScholarshipView.swift */; };
		FB978CAA2BCD79F300347D47 /* MyPageView.swift in Sources */ = {isa = PBXBuildFile; fileRef = FB978CA92BCD79F300347D47 /* MyPageView.swift */; };
		FB978CAF2BCD7FF800347D47 /* extension.swift in Sources */ = {isa = PBXBuildFile; fileRef = FB978CAE2BCD7FF800347D47 /* extension.swift */; };
		FB978CB12BCD83CC00347D47 /* IconCategory.swift in Sources */ = {isa = PBXBuildFile; fileRef = FB978CB02BCD83CB00347D47 /* IconCategory.swift */; };
		FB978CB32BCD8C5700347D47 /* ScholarshipBoxView.swift in Sources */ = {isa = PBXBuildFile; fileRef = FB978CB22BCD8C5700347D47 /* ScholarshipBoxView.swift */; };
		FBABCF022BD636890068178F /* AlarmActor.swift in Sources */ = {isa = PBXBuildFile; fileRef = FBABCEFF2BD636890068178F /* AlarmActor.swift */; };
		FBABCF032BD636890068178F /* AlarmView.swift in Sources */ = {isa = PBXBuildFile; fileRef = FBABCF002BD636890068178F /* AlarmView.swift */; };
		FBABCF042BD636890068178F /* AlarmViewModel.swift in Sources */ = {isa = PBXBuildFile; fileRef = FBABCF012BD636890068178F /* AlarmViewModel.swift */; };
		FBABCF082BD77ED60068178F /* Alarm.swift in Sources */ = {isa = PBXBuildFile; fileRef = FBABCF072BD77ED60068178F /* Alarm.swift */; };
		FBABCF0A2BD77F070068178F /* AlarmCategory.swift in Sources */ = {isa = PBXBuildFile; fileRef = FBABCF092BD77F070068178F /* AlarmCategory.swift */; };
		FBE769772BCF7698007F8DEF /* GrayLineTextFieldView.swift in Sources */ = {isa = PBXBuildFile; fileRef = FBE769762BCF7698007F8DEF /* GrayLineTextFieldView.swift */; };
		FBE769792BCF769E007F8DEF /* MainButtonView.swift in Sources */ = {isa = PBXBuildFile; fileRef = FBE769782BCF769E007F8DEF /* MainButtonView.swift */; };
		FBE7697B2BCF76A4007F8DEF /* GrayBoxGridView.swift in Sources */ = {isa = PBXBuildFile; fileRef = FBE7697A2BCF76A4007F8DEF /* GrayBoxGridView.swift */; };
		FBE769832BCF8E11007F8DEF /* SlotMachineView.swift in Sources */ = {isa = PBXBuildFile; fileRef = FBE769822BCF8E11007F8DEF /* SlotMachineView.swift */; };
		FBE769872BCFF36D007F8DEF /* ScholarshipBoxListActor.swift in Sources */ = {isa = PBXBuildFile; fileRef = FBE769842BCFF36D007F8DEF /* ScholarshipBoxListActor.swift */; };
		FBE7698D2BD00127007F8DEF /* ScholarshipBoxListView.swift in Sources */ = {isa = PBXBuildFile; fileRef = FBE7698C2BD00127007F8DEF /* ScholarshipBoxListView.swift */; };
		FBE7698F2BD002EC007F8DEF /* DeviceInfo.swift in Sources */ = {isa = PBXBuildFile; fileRef = FBE7698E2BD002EC007F8DEF /* DeviceInfo.swift */; };
		FBEC81F42BD55EEE00A9A700 /* ScholarshipBoxManager.swift in Sources */ = {isa = PBXBuildFile; fileRef = FBEC81F32BD55EEE00A9A700 /* ScholarshipBoxManager.swift */; };
		FBEEBB852BCE972B006CE5EA /* ScholarshipBox.swift in Sources */ = {isa = PBXBuildFile; fileRef = FBEEBB842BCE972B006CE5EA /* ScholarshipBox.swift */; };
		FBEEBB872BCE97C2006CE5EA /* PublicAnnouncementStatusCategory.swift in Sources */ = {isa = PBXBuildFile; fileRef = FBEEBB862BCE97C2006CE5EA /* PublicAnnouncementStatusCategory.swift */; };
		FBEEBB8A2BCE98DF006CE5EA /* ScholarshipCategory.swift in Sources */ = {isa = PBXBuildFile; fileRef = FBEEBB892BCE98DF006CE5EA /* ScholarshipCategory.swift */; };
		FBEEBB8E2BCE9BC1006CE5EA /* AllScholarshipViewModel.swift in Sources */ = {isa = PBXBuildFile; fileRef = FBEEBB8D2BCE9BC1006CE5EA /* AllScholarshipViewModel.swift */; };
		FBEEBB912BCE9CB2006CE5EA /* DetailScholarshipView.swift in Sources */ = {isa = PBXBuildFile; fileRef = FBEEBB902BCE9CB2006CE5EA /* DetailScholarshipView.swift */; };
		FBEEBB932BCE9CC6006CE5EA /* DetailScholarship.swift in Sources */ = {isa = PBXBuildFile; fileRef = FBEEBB922BCE9CC6006CE5EA /* DetailScholarship.swift */; };
		FBEEBBA12BCEAB40006CE5EA /* PathModel.swift in Sources */ = {isa = PBXBuildFile; fileRef = FBEEBBA02BCEAB40006CE5EA /* PathModel.swift */; };
		FBEEBBA42BCEAB56006CE5EA /* PathType.swift in Sources */ = {isa = PBXBuildFile; fileRef = FBEEBBA32BCEAB56006CE5EA /* PathType.swift */; };
		FBEEBBA62BCEB1AA006CE5EA /* HTTPUtils.swift in Sources */ = {isa = PBXBuildFile; fileRef = FBEEBBA52BCEB1AA006CE5EA /* HTTPUtils.swift */; };
/* End PBXBuildFile section */

/* Begin PBXFileReference section */
		7B5C115F2BDFEADC0056C2BC /* ScholarshipPostingSheet.swift */ = {isa = PBXFileReference; lastKnownFileType = sourcecode.swift; path = ScholarshipPostingSheet.swift; sourceTree = "<group>"; };
		7B5C11612BE12E3F0056C2BC /* MyPageActor.swift */ = {isa = PBXFileReference; lastKnownFileType = sourcecode.swift; path = MyPageActor.swift; sourceTree = "<group>"; };
		7B5C11622BE12E3F0056C2BC /* MyPageViewModel.swift */ = {isa = PBXFileReference; lastKnownFileType = sourcecode.swift; path = MyPageViewModel.swift; sourceTree = "<group>"; };
		7B5C11662BE142010056C2BC /* MyInformationActor.swift */ = {isa = PBXFileReference; lastKnownFileType = sourcecode.swift; path = MyInformationActor.swift; sourceTree = "<group>"; };
		7B5C11672BE142010056C2BC /* MyInformationView.swift */ = {isa = PBXFileReference; lastKnownFileType = sourcecode.swift; path = MyInformationView.swift; sourceTree = "<group>"; };
		7B5C11682BE142010056C2BC /* MyInformationViewModel.swift */ = {isa = PBXFileReference; lastKnownFileType = sourcecode.swift; path = MyInformationViewModel.swift; sourceTree = "<group>"; };
		7B6445A12BCFF89A00D4AF74 /* Chip.swift */ = {isa = PBXFileReference; lastKnownFileType = sourcecode.swift; path = Chip.swift; sourceTree = "<group>"; };
		7B6445B62BD526EF00D4AF74 /* OnboardingMainActor.swift */ = {isa = PBXFileReference; lastKnownFileType = sourcecode.swift; path = OnboardingMainActor.swift; sourceTree = "<group>"; };
		7B6445B72BD526EF00D4AF74 /* OnboardingMainView.swift */ = {isa = PBXFileReference; lastKnownFileType = sourcecode.swift; path = OnboardingMainView.swift; sourceTree = "<group>"; };
		7B6445B82BD526EF00D4AF74 /* OnboardingMainViewModel.swift */ = {isa = PBXFileReference; lastKnownFileType = sourcecode.swift; path = OnboardingMainViewModel.swift; sourceTree = "<group>"; };
		7B6445BC2BD5272B00D4AF74 /* SemesterYear.swift */ = {isa = PBXFileReference; lastKnownFileType = sourcecode.swift; path = SemesterYear.swift; sourceTree = "<group>"; };
		7B6445BE2BD5277600D4AF74 /* Gender.swift */ = {isa = PBXFileReference; lastKnownFileType = sourcecode.swift; path = Gender.swift; sourceTree = "<group>"; };
		7B6445C02BD527CB00D4AF74 /* SexSelectionView.swift */ = {isa = PBXFileReference; lastKnownFileType = sourcecode.swift; path = SexSelectionView.swift; sourceTree = "<group>"; };
		7B6445C32BD5295A00D4AF74 /* DateSelectionView.swift */ = {isa = PBXFileReference; lastKnownFileType = sourcecode.swift; path = DateSelectionView.swift; sourceTree = "<group>"; };
		7B6445C52BD534F400D4AF74 /* SemesterYearSelectionView.swift */ = {isa = PBXFileReference; lastKnownFileType = sourcecode.swift; path = SemesterYearSelectionView.swift; sourceTree = "<group>"; };
		7B6445C82BD53D1B00D4AF74 /* OnboardingBeginView.swift */ = {isa = PBXFileReference; lastKnownFileType = sourcecode.swift; path = OnboardingBeginView.swift; sourceTree = "<group>"; };
		7B6445CA2BD6A2A700D4AF74 /* IncomeConfirmView.swift */ = {isa = PBXFileReference; lastKnownFileType = sourcecode.swift; path = IncomeConfirmView.swift; sourceTree = "<group>"; };
		7B6445CC2BD6AC8F00D4AF74 /* GrayLineNumberFieldView.swift */ = {isa = PBXFileReference; lastKnownFileType = sourcecode.swift; path = GrayLineNumberFieldView.swift; sourceTree = "<group>"; };
		7B6445CE2BD6BAA200D4AF74 /* MaxGradeSheet.swift */ = {isa = PBXFileReference; lastKnownFileType = sourcecode.swift; path = MaxGradeSheet.swift; sourceTree = "<group>"; };
		7B6445D12BD7D67B00D4AF74 /* OnboardingWaitingView.swift */ = {isa = PBXFileReference; lastKnownFileType = sourcecode.swift; path = OnboardingWaitingView.swift; sourceTree = "<group>"; };
		7B6445D42BD80CE600D4AF74 /* OnboardingEndView.swift */ = {isa = PBXFileReference; lastKnownFileType = sourcecode.swift; path = OnboardingEndView.swift; sourceTree = "<group>"; };
		7B6445D62BDBF1B500D4AF74 /* OnboardingCompleteView.swift */ = {isa = PBXFileReference; lastKnownFileType = sourcecode.swift; path = OnboardingCompleteView.swift; sourceTree = "<group>"; };
		7B6445D82BDD489F00D4AF74 /* EnrollmentStatusGrid.swift */ = {isa = PBXFileReference; lastKnownFileType = sourcecode.swift; path = EnrollmentStatusGrid.swift; sourceTree = "<group>"; };
		7B6445DA2BDD5FC400D4AF74 /* VerticalButtonGroup.swift */ = {isa = PBXFileReference; lastKnownFileType = sourcecode.swift; path = VerticalButtonGroup.swift; sourceTree = "<group>"; };
		FB19C91E2BE122B90039205E /* NotificationManager.swift */ = {isa = PBXFileReference; lastKnownFileType = sourcecode.swift; path = NotificationManager.swift; sourceTree = "<group>"; };
		FB19C9202BE147410039205E /* SupportedCategory.swift */ = {isa = PBXFileReference; lastKnownFileType = sourcecode.swift; path = SupportedCategory.swift; sourceTree = "<group>"; };
		FB19C9222BE1476E0039205E /* StorageCategory.swift */ = {isa = PBXFileReference; lastKnownFileType = sourcecode.swift; path = StorageCategory.swift; sourceTree = "<group>"; };
		FB19C9242BE147850039205E /* MyScholarshipCategory.swift */ = {isa = PBXFileReference; lastKnownFileType = sourcecode.swift; path = MyScholarshipCategory.swift; sourceTree = "<group>"; };
		FB19C9262BE147970039205E /* MyScholarshipViewModel.swift */ = {isa = PBXFileReference; lastKnownFileType = sourcecode.swift; path = MyScholarshipViewModel.swift; sourceTree = "<group>"; };
		FB27A2A92BD2A118007C62D0 /* SearchScholarshipView.swift */ = {isa = PBXFileReference; fileEncoding = 4; lastKnownFileType = sourcecode.swift; path = SearchScholarshipView.swift; sourceTree = "<group>"; };
		FB27A2AA2BD2A118007C62D0 /* SearchScholarshipViewModel.swift */ = {isa = PBXFileReference; fileEncoding = 4; lastKnownFileType = sourcecode.swift; path = SearchScholarshipViewModel.swift; sourceTree = "<group>"; };
		FB27A2AD2BD2A124007C62D0 /* SearchScholarshipStatus.swift */ = {isa = PBXFileReference; fileEncoding = 4; lastKnownFileType = sourcecode.swift; path = SearchScholarshipStatus.swift; sourceTree = "<group>"; };
		FB27A2B02BD2A933007C62D0 /* ChipsGroupView.swift */ = {isa = PBXFileReference; lastKnownFileType = sourcecode.swift; path = ChipsGroupView.swift; sourceTree = "<group>"; };
		FB27A2B22BD2ABAC007C62D0 /* UserDefaultKey.swift */ = {isa = PBXFileReference; lastKnownFileType = sourcecode.swift; path = UserDefaultKey.swift; sourceTree = "<group>"; };
		FB2930662BDC0633009AB2EF /* ResetInfoActor.swift */ = {isa = PBXFileReference; lastKnownFileType = sourcecode.swift; path = ResetInfoActor.swift; sourceTree = "<group>"; };
		FB2930672BDC0633009AB2EF /* SettingView.swift */ = {isa = PBXFileReference; lastKnownFileType = sourcecode.swift; path = SettingView.swift; sourceTree = "<group>"; };
		FB2930682BDC0633009AB2EF /* ResetInfoViewModel.swift */ = {isa = PBXFileReference; lastKnownFileType = sourcecode.swift; path = ResetInfoViewModel.swift; sourceTree = "<group>"; };
		FB29306C2BDC0907009AB2EF /* secret.swift */ = {isa = PBXFileReference; lastKnownFileType = sourcecode.swift; path = secret.swift; sourceTree = "<group>"; };
		FB29306E2BDC09D6009AB2EF /* NavigationDefaultView.swift */ = {isa = PBXFileReference; lastKnownFileType = sourcecode.swift; path = NavigationDefaultView.swift; sourceTree = "<group>"; };
		FB2930732BDC0AB3009AB2EF /* WebTotalView.swift */ = {isa = PBXFileReference; lastKnownFileType = sourcecode.swift; path = WebTotalView.swift; sourceTree = "<group>"; };
		FB2930752BDC0AD3009AB2EF /* WebView.swift */ = {isa = PBXFileReference; lastKnownFileType = sourcecode.swift; path = WebView.swift; sourceTree = "<group>"; };
		FB2930772BDC0C90009AB2EF /* SettingWebView.swift */ = {isa = PBXFileReference; lastKnownFileType = sourcecode.swift; path = SettingWebView.swift; sourceTree = "<group>"; };
		FB2930792BDC1066009AB2EF /* ResetInfoView.swift */ = {isa = PBXFileReference; lastKnownFileType = sourcecode.swift; path = ResetInfoView.swift; sourceTree = "<group>"; };
		FB29307B2BDC14B1009AB2EF /* CustomAlertView.swift */ = {isa = PBXFileReference; lastKnownFileType = sourcecode.swift; path = CustomAlertView.swift; sourceTree = "<group>"; };
		FB2930812BDE6A1E009AB2EF /* SuccessFailView.swift */ = {isa = PBXFileReference; lastKnownFileType = sourcecode.swift; path = SuccessFailView.swift; sourceTree = "<group>"; };
		FB2930832BDE740E009AB2EF /* TextFieldDynamicWidth.swift */ = {isa = PBXFileReference; lastKnownFileType = sourcecode.swift; path = TextFieldDynamicWidth.swift; sourceTree = "<group>"; };
		FB66D63A2BD92C1300F2B7B1 /* Info.plist */ = {isa = PBXFileReference; lastKnownFileType = text.plist.xml; path = Info.plist; sourceTree = "<group>"; };
		FB676A9D2BD50A410077700E /* Onboarding.swift */ = {isa = PBXFileReference; lastKnownFileType = sourcecode.swift; path = Onboarding.swift; sourceTree = "<group>"; };
		FB676A9F2BD50A510077700E /* MyScholarship.swift */ = {isa = PBXFileReference; lastKnownFileType = sourcecode.swift; path = MyScholarship.swift; sourceTree = "<group>"; };
		FB676AA12BD50A5A0077700E /* MyPage.swift */ = {isa = PBXFileReference; lastKnownFileType = sourcecode.swift; path = MyPage.swift; sourceTree = "<group>"; };
		FB676AA62BD51A8A0077700E /* DetailScholarshipViewModel.swift */ = {isa = PBXFileReference; lastKnownFileType = sourcecode.swift; path = DetailScholarshipViewModel.swift; sourceTree = "<group>"; };
		FB676AA82BD51A9C0077700E /* DetailScholarshipActor.swift */ = {isa = PBXFileReference; lastKnownFileType = sourcecode.swift; path = DetailScholarshipActor.swift; sourceTree = "<group>"; };
		FB9785F22BE4A45000F8A281 /* MyScholarshopBoxListActor.swift */ = {isa = PBXFileReference; lastKnownFileType = sourcecode.swift; path = MyScholarshopBoxListActor.swift; sourceTree = "<group>"; };
		FB978C8C2BCD770600347D47 /* janghakhere.app */ = {isa = PBXFileReference; explicitFileType = wrapper.application; includeInIndex = 0; path = janghakhere.app; sourceTree = BUILT_PRODUCTS_DIR; };
		FB978C8F2BCD770600347D47 /* janghakhereApp.swift */ = {isa = PBXFileReference; lastKnownFileType = sourcecode.swift; path = janghakhereApp.swift; sourceTree = "<group>"; };
		FB978C912BCD770600347D47 /* SwiftDataView.swift */ = {isa = PBXFileReference; lastKnownFileType = sourcecode.swift; path = SwiftDataView.swift; sourceTree = "<group>"; };
		FB978C932BCD770600347D47 /* Item.swift */ = {isa = PBXFileReference; lastKnownFileType = sourcecode.swift; path = Item.swift; sourceTree = "<group>"; };
		FB978C952BCD770800347D47 /* Assets.xcassets */ = {isa = PBXFileReference; lastKnownFileType = folder.assetcatalog; path = Assets.xcassets; sourceTree = "<group>"; };
		FB978C982BCD770800347D47 /* Preview Assets.xcassets */ = {isa = PBXFileReference; lastKnownFileType = folder.assetcatalog; path = "Preview Assets.xcassets"; sourceTree = "<group>"; };
		FB978CA02BCD773600347D47 /* FirstView.swift */ = {isa = PBXFileReference; lastKnownFileType = sourcecode.swift; path = FirstView.swift; sourceTree = "<group>"; };
		FB978CA22BCD775600347D47 /* Config.xcconfig */ = {isa = PBXFileReference; lastKnownFileType = text.xcconfig; path = Config.xcconfig; sourceTree = "<group>"; };
		FB978CA32BCD777000347D47 /* Utils.swift */ = {isa = PBXFileReference; lastKnownFileType = sourcecode.swift; path = Utils.swift; sourceTree = "<group>"; };
		FB978CA52BCD79CF00347D47 /* MyScholarshipView.swift */ = {isa = PBXFileReference; lastKnownFileType = sourcecode.swift; path = MyScholarshipView.swift; sourceTree = "<group>"; };
		FB978CA72BCD79E900347D47 /* AllScholarshipView.swift */ = {isa = PBXFileReference; lastKnownFileType = sourcecode.swift; path = AllScholarshipView.swift; sourceTree = "<group>"; };
		FB978CA92BCD79F300347D47 /* MyPageView.swift */ = {isa = PBXFileReference; lastKnownFileType = sourcecode.swift; path = MyPageView.swift; sourceTree = "<group>"; };
		FB978CAE2BCD7FF800347D47 /* extension.swift */ = {isa = PBXFileReference; lastKnownFileType = sourcecode.swift; path = extension.swift; sourceTree = "<group>"; };
		FB978CB02BCD83CB00347D47 /* IconCategory.swift */ = {isa = PBXFileReference; lastKnownFileType = sourcecode.swift; path = IconCategory.swift; sourceTree = "<group>"; };
		FB978CB22BCD8C5700347D47 /* ScholarshipBoxView.swift */ = {isa = PBXFileReference; lastKnownFileType = sourcecode.swift; path = ScholarshipBoxView.swift; sourceTree = "<group>"; };
		FBABCEFF2BD636890068178F /* AlarmActor.swift */ = {isa = PBXFileReference; lastKnownFileType = sourcecode.swift; path = AlarmActor.swift; sourceTree = "<group>"; };
		FBABCF002BD636890068178F /* AlarmView.swift */ = {isa = PBXFileReference; lastKnownFileType = sourcecode.swift; path = AlarmView.swift; sourceTree = "<group>"; };
		FBABCF012BD636890068178F /* AlarmViewModel.swift */ = {isa = PBXFileReference; lastKnownFileType = sourcecode.swift; path = AlarmViewModel.swift; sourceTree = "<group>"; };
		FBABCF072BD77ED60068178F /* Alarm.swift */ = {isa = PBXFileReference; lastKnownFileType = sourcecode.swift; path = Alarm.swift; sourceTree = "<group>"; };
		FBABCF092BD77F070068178F /* AlarmCategory.swift */ = {isa = PBXFileReference; lastKnownFileType = sourcecode.swift; path = AlarmCategory.swift; sourceTree = "<group>"; };
		FBE769762BCF7698007F8DEF /* GrayLineTextFieldView.swift */ = {isa = PBXFileReference; lastKnownFileType = sourcecode.swift; path = GrayLineTextFieldView.swift; sourceTree = "<group>"; };
		FBE769782BCF769E007F8DEF /* MainButtonView.swift */ = {isa = PBXFileReference; lastKnownFileType = sourcecode.swift; path = MainButtonView.swift; sourceTree = "<group>"; };
		FBE7697A2BCF76A4007F8DEF /* GrayBoxGridView.swift */ = {isa = PBXFileReference; lastKnownFileType = sourcecode.swift; path = GrayBoxGridView.swift; sourceTree = "<group>"; };
		FBE769822BCF8E11007F8DEF /* SlotMachineView.swift */ = {isa = PBXFileReference; lastKnownFileType = sourcecode.swift; path = SlotMachineView.swift; sourceTree = "<group>"; };
		FBE769842BCFF36D007F8DEF /* ScholarshipBoxListActor.swift */ = {isa = PBXFileReference; lastKnownFileType = sourcecode.swift; path = ScholarshipBoxListActor.swift; sourceTree = "<group>"; };
		FBE769852BCFF36D007F8DEF /* SearchScholarshipView.swift */ = {isa = PBXFileReference; lastKnownFileType = sourcecode.swift; path = SearchScholarshipView.swift; sourceTree = "<group>"; };
		FBE769862BCFF36D007F8DEF /* SearchScholarshipViewModel.swift */ = {isa = PBXFileReference; lastKnownFileType = sourcecode.swift; path = SearchScholarshipViewModel.swift; sourceTree = "<group>"; };
		FBE7698C2BD00127007F8DEF /* ScholarshipBoxListView.swift */ = {isa = PBXFileReference; lastKnownFileType = sourcecode.swift; path = ScholarshipBoxListView.swift; sourceTree = "<group>"; };
		FBE7698E2BD002EC007F8DEF /* DeviceInfo.swift */ = {isa = PBXFileReference; lastKnownFileType = sourcecode.swift; path = DeviceInfo.swift; sourceTree = "<group>"; };
		FBE769902BD00482007F8DEF /* SearchScholarshipStatus.swift */ = {isa = PBXFileReference; lastKnownFileType = sourcecode.swift; path = SearchScholarshipStatus.swift; sourceTree = "<group>"; };
		FBEC81F32BD55EEE00A9A700 /* ScholarshipBoxManager.swift */ = {isa = PBXFileReference; lastKnownFileType = sourcecode.swift; path = ScholarshipBoxManager.swift; sourceTree = "<group>"; };
		FBEEBB842BCE972B006CE5EA /* ScholarshipBox.swift */ = {isa = PBXFileReference; lastKnownFileType = sourcecode.swift; path = ScholarshipBox.swift; sourceTree = "<group>"; };
		FBEEBB862BCE97C2006CE5EA /* PublicAnnouncementStatusCategory.swift */ = {isa = PBXFileReference; lastKnownFileType = sourcecode.swift; path = PublicAnnouncementStatusCategory.swift; sourceTree = "<group>"; };
		FBEEBB892BCE98DF006CE5EA /* ScholarshipCategory.swift */ = {isa = PBXFileReference; lastKnownFileType = sourcecode.swift; path = ScholarshipCategory.swift; sourceTree = "<group>"; };
		FBEEBB8D2BCE9BC1006CE5EA /* AllScholarshipViewModel.swift */ = {isa = PBXFileReference; lastKnownFileType = sourcecode.swift; path = AllScholarshipViewModel.swift; sourceTree = "<group>"; };
		FBEEBB902BCE9CB2006CE5EA /* DetailScholarshipView.swift */ = {isa = PBXFileReference; lastKnownFileType = sourcecode.swift; path = DetailScholarshipView.swift; sourceTree = "<group>"; };
		FBEEBB922BCE9CC6006CE5EA /* DetailScholarship.swift */ = {isa = PBXFileReference; lastKnownFileType = sourcecode.swift; path = DetailScholarship.swift; sourceTree = "<group>"; };
		FBEEBBA02BCEAB40006CE5EA /* PathModel.swift */ = {isa = PBXFileReference; lastKnownFileType = sourcecode.swift; path = PathModel.swift; sourceTree = "<group>"; };
		FBEEBBA32BCEAB56006CE5EA /* PathType.swift */ = {isa = PBXFileReference; lastKnownFileType = sourcecode.swift; path = PathType.swift; sourceTree = "<group>"; };
		FBEEBBA52BCEB1AA006CE5EA /* HTTPUtils.swift */ = {isa = PBXFileReference; lastKnownFileType = sourcecode.swift; path = HTTPUtils.swift; sourceTree = "<group>"; };
/* End PBXFileReference section */

/* Begin PBXFrameworksBuildPhase section */
		FB978C892BCD770600347D47 /* Frameworks */ = {
			isa = PBXFrameworksBuildPhase;
			buildActionMask = 2147483647;
			files = (
			);
			runOnlyForDeploymentPostprocessing = 0;
		};
/* End PBXFrameworksBuildPhase section */

/* Begin PBXGroup section */
		7B5C115E2BDFEA320056C2BC /* Sheet */ = {
			isa = PBXGroup;
			children = (
				7B5C115F2BDFEADC0056C2BC /* ScholarshipPostingSheet.swift */,
			);
			path = Sheet;
			sourceTree = "<group>";
		};
		7B5C11652BE141C10056C2BC /* MyInfomation */ = {
			isa = PBXGroup;
			children = (
				7B5C11662BE142010056C2BC /* MyInformationActor.swift */,
				7B5C11672BE142010056C2BC /* MyInformationView.swift */,
				7B5C11682BE142010056C2BC /* MyInformationViewModel.swift */,
			);
			path = MyInfomation;
			sourceTree = "<group>";
		};
		7B64459C2BCFF76000D4AF74 /* Search */ = {
			isa = PBXGroup;
			children = (
				FB27A2A92BD2A118007C62D0 /* SearchScholarshipView.swift */,
				FB27A2AA2BD2A118007C62D0 /* SearchScholarshipViewModel.swift */,
				FB27A2B02BD2A933007C62D0 /* ChipsGroupView.swift */,
			);
			path = Search;
			sourceTree = "<group>";
		};
		7B6445A02BCFF88100D4AF74 /* Search */ = {
			isa = PBXGroup;
			children = (
				FB27A2AD2BD2A124007C62D0 /* SearchScholarshipStatus.swift */,
				7B6445A12BCFF89A00D4AF74 /* Chip.swift */,
			);
			path = Search;
			sourceTree = "<group>";
		};
		7B6445B52BD526DE00D4AF74 /* OnboardingMain */ = {
			isa = PBXGroup;
			children = (
				7B6445B62BD526EF00D4AF74 /* OnboardingMainActor.swift */,
				7B6445B72BD526EF00D4AF74 /* OnboardingMainView.swift */,
				7B6445B82BD526EF00D4AF74 /* OnboardingMainViewModel.swift */,
			);
			path = OnboardingMain;
			sourceTree = "<group>";
		};
		7B6445C22BD5294A00D4AF74 /* Sheet */ = {
			isa = PBXGroup;
			children = (
				7B6445C32BD5295A00D4AF74 /* DateSelectionView.swift */,
				7B6445C52BD534F400D4AF74 /* SemesterYearSelectionView.swift */,
				7B6445CA2BD6A2A700D4AF74 /* IncomeConfirmView.swift */,
				7B6445CE2BD6BAA200D4AF74 /* MaxGradeSheet.swift */,
			);
			path = Sheet;
			sourceTree = "<group>";
		};
		7B6445C72BD53CFD00D4AF74 /* OnboardingBegin */ = {
			isa = PBXGroup;
			children = (
				7B6445C82BD53D1B00D4AF74 /* OnboardingBeginView.swift */,
			);
			path = OnboardingBegin;
			sourceTree = "<group>";
		};
		7B6445D02BD7D66000D4AF74 /* OnboardingWaiting */ = {
			isa = PBXGroup;
			children = (
				7B6445D12BD7D67B00D4AF74 /* OnboardingWaitingView.swift */,
			);
			path = OnboardingWaiting;
			sourceTree = "<group>";
		};
		7B6445D32BD80CB400D4AF74 /* OnboardingEndView */ = {
			isa = PBXGroup;
			children = (
				7B6445D62BDBF1B500D4AF74 /* OnboardingCompleteView.swift */,
				7B6445D42BD80CE600D4AF74 /* OnboardingEndView.swift */,
			);
			path = OnboardingEndView;
			sourceTree = "<group>";
		};
		FB27A2A82BD2A0F6007C62D0 /* Recovered References */ = {
			isa = PBXGroup;
			children = (
				FBE769862BCFF36D007F8DEF /* SearchScholarshipViewModel.swift */,
				FBE769852BCFF36D007F8DEF /* SearchScholarshipView.swift */,
				FBE769902BD00482007F8DEF /* SearchScholarshipStatus.swift */,
			);
			name = "Recovered References";
			sourceTree = "<group>";
		};
		FB2930702BDC0A4B009AB2EF /* Setting */ = {
			isa = PBXGroup;
			children = (
				FB2930672BDC0633009AB2EF /* SettingView.swift */,
				FB2930772BDC0C90009AB2EF /* SettingWebView.swift */,
				FB2930792BDC1066009AB2EF /* ResetInfoView.swift */,
				FB2930682BDC0633009AB2EF /* ResetInfoViewModel.swift */,
				FB2930732BDC0AB3009AB2EF /* WebTotalView.swift */,
				FB2930752BDC0AD3009AB2EF /* WebView.swift */,
			);
			path = Setting;
			sourceTree = "<group>";
		};
		FB676AA52BD51A7C0077700E /* DetailScholarship */ = {
			isa = PBXGroup;
			children = (
				7B5C115E2BDFEA320056C2BC /* Sheet */,
				FBEEBB902BCE9CB2006CE5EA /* DetailScholarshipView.swift */,
				FB676AA62BD51A8A0077700E /* DetailScholarshipViewModel.swift */,
			);
			path = DetailScholarship;
			sourceTree = "<group>";
		};
		FB9785F82BE4BDC600F8A281 /* ScholarshipBox */ = {
			isa = PBXGroup;
			children = (
				FBE7698C2BD00127007F8DEF /* ScholarshipBoxListView.swift */,
				FB978CB22BCD8C5700347D47 /* ScholarshipBoxView.swift */,
			);
			path = ScholarshipBox;
			sourceTree = "<group>";
		};
		FB978C832BCD770600347D47 = {
			isa = PBXGroup;
			children = (
				FB978C8E2BCD770600347D47 /* janghakhere */,
				FB978C8D2BCD770600347D47 /* Products */,
				FB27A2A82BD2A0F6007C62D0 /* Recovered References */,
			);
			sourceTree = "<group>";
		};
		FB978C8D2BCD770600347D47 /* Products */ = {
			isa = PBXGroup;
			children = (
				FB978C8C2BCD770600347D47 /* janghakhere.app */,
			);
			name = Products;
			sourceTree = "<group>";
		};
		FB978C8E2BCD770600347D47 /* janghakhere */ = {
			isa = PBXGroup;
			children = (
				FB66D63A2BD92C1300F2B7B1 /* Info.plist */,
				FB978CA22BCD775600347D47 /* Config.xcconfig */,
				FBEEBB9F2BCEAA31006CE5EA /* App */,
				FBEEBB942BCEA5BE006CE5EA /* Data */,
				FBEEBB9B2BCEA81F006CE5EA /* Model */,
				FBEEBB9A2BCEA7C1006CE5EA /* Feature */,
				FBEEBB972BCEA73B006CE5EA /* Common */,
				FB978CAB2BCD7F3800347D47 /* Core */,
				FB978C9F2BCD771100347D47 /* SwiftData */,
				FB978C972BCD770800347D47 /* Preview Content */,
			);
			path = janghakhere;
			sourceTree = "<group>";
		};
		FB978C972BCD770800347D47 /* Preview Content */ = {
			isa = PBXGroup;
			children = (
				FB978C982BCD770800347D47 /* Preview Assets.xcassets */,
			);
			path = "Preview Content";
			sourceTree = "<group>";
		};
		FB978C9F2BCD771100347D47 /* SwiftData */ = {
			isa = PBXGroup;
			children = (
				FB978C912BCD770600347D47 /* SwiftDataView.swift */,
				FB978C932BCD770600347D47 /* Item.swift */,
			);
			path = SwiftData;
			sourceTree = "<group>";
		};
		FB978CAB2BCD7F3800347D47 /* Core */ = {
			isa = PBXGroup;
			children = (
				FBEEBB982BCEA76A006CE5EA /* Helper */,
				FB978C952BCD770800347D47 /* Assets.xcassets */,
				FB978CAE2BCD7FF800347D47 /* extension.swift */,
				FB2930832BDE740E009AB2EF /* TextFieldDynamicWidth.swift */,
			);
			path = Core;
			sourceTree = "<group>";
		};
		FB978CB42BCD8EBC00347D47 /* AllScholarship */ = {
			isa = PBXGroup;
			children = (
				FBABCF052BD636920068178F /* Alarm */,
				7B64459C2BCFF76000D4AF74 /* Search */,
				FB978CA72BCD79E900347D47 /* AllScholarshipView.swift */,
				FBEEBB8D2BCE9BC1006CE5EA /* AllScholarshipViewModel.swift */,
			);
			path = AllScholarship;
			sourceTree = "<group>";
		};
		FB978CB52BCD8ECF00347D47 /* MyScholarship */ = {
			isa = PBXGroup;
			children = (
				FB9785F22BE4A45000F8A281 /* MyScholarshopBoxListActor.swift */,
				FB978CA52BCD79CF00347D47 /* MyScholarshipView.swift */,
				FB2930812BDE6A1E009AB2EF /* SuccessFailView.swift */,
				FB19C9262BE147970039205E /* MyScholarshipViewModel.swift */,
			);
			path = MyScholarship;
			sourceTree = "<group>";
		};
		FB978CB62BCD8ED700347D47 /* MyPage */ = {
			isa = PBXGroup;
			children = (
				FB2930702BDC0A4B009AB2EF /* Setting */,
				7B5C11652BE141C10056C2BC /* MyInfomation */,
				FB978CA92BCD79F300347D47 /* MyPageView.swift */,
				7B5C11612BE12E3F0056C2BC /* MyPageActor.swift */,
				7B5C11622BE12E3F0056C2BC /* MyPageViewModel.swift */,
			);
			path = MyPage;
			sourceTree = "<group>";
		};
		FBABCF052BD636920068178F /* Alarm */ = {
			isa = PBXGroup;
			children = (
				FB19C91E2BE122B90039205E /* NotificationManager.swift */,
				FBABCF002BD636890068178F /* AlarmView.swift */,
				FBABCF012BD636890068178F /* AlarmViewModel.swift */,
			);
			path = Alarm;
			sourceTree = "<group>";
		};
		FBABCF062BD77EC40068178F /* Alarm */ = {
			isa = PBXGroup;
			children = (
				FBABCF072BD77ED60068178F /* Alarm.swift */,
				FBABCF092BD77F070068178F /* AlarmCategory.swift */,
			);
			path = Alarm;
			sourceTree = "<group>";
		};
		FBEEBB942BCEA5BE006CE5EA /* Data */ = {
			isa = PBXGroup;
			children = (
				FBEEBB952BCEA5C6006CE5EA /* Network */,
				FBEEBB962BCEA695006CE5EA /* Actor */,
			);
			path = Data;
			sourceTree = "<group>";
		};
		FBEEBB952BCEA5C6006CE5EA /* Network */ = {
			isa = PBXGroup;
			children = (
				FBEEBBA52BCEB1AA006CE5EA /* HTTPUtils.swift */,
			);
			path = Network;
			sourceTree = "<group>";
		};
		FBEEBB962BCEA695006CE5EA /* Actor */ = {
			isa = PBXGroup;
			children = (
				FBE769842BCFF36D007F8DEF /* ScholarshipBoxListActor.swift */,
				FBABCEFF2BD636890068178F /* AlarmActor.swift */,
				FB676AA82BD51A9C0077700E /* DetailScholarshipActor.swift */,
				FB2930662BDC0633009AB2EF /* ResetInfoActor.swift */,
			);
			path = Actor;
			sourceTree = "<group>";
		};
		FBEEBB972BCEA73B006CE5EA /* Common */ = {
			isa = PBXGroup;
			children = (
				FB978CB02BCD83CB00347D47 /* IconCategory.swift */,
			);
			path = Common;
			sourceTree = "<group>";
		};
		FBEEBB982BCEA76A006CE5EA /* Helper */ = {
			isa = PBXGroup;
			children = (
				FB978CA32BCD777000347D47 /* Utils.swift */,
				FBE7698E2BD002EC007F8DEF /* DeviceInfo.swift */,
			);
			path = Helper;
			sourceTree = "<group>";
		};
		FBEEBB9A2BCEA7C1006CE5EA /* Feature */ = {
			isa = PBXGroup;
			children = (
				FB9785F82BE4BDC600F8A281 /* ScholarshipBox */,
				FBEC81F32BD55EEE00A9A700 /* ScholarshipBoxManager.swift */,
				FB29306E2BDC09D6009AB2EF /* NavigationDefaultView.swift */,
				FB29307B2BDC14B1009AB2EF /* CustomAlertView.swift */,
				FB676AA52BD51A7C0077700E /* DetailScholarship */,
				FBEEBBA72BCEC1A6006CE5EA /* Onboarding */,
				FB978CB42BCD8EBC00347D47 /* AllScholarship */,
				FB978CB52BCD8ECF00347D47 /* MyScholarship */,
				FB978CB62BCD8ED700347D47 /* MyPage */,
			);
			path = Feature;
			sourceTree = "<group>";
		};
		FBEEBB9B2BCEA81F006CE5EA /* Model */ = {
			isa = PBXGroup;
			children = (
				FBEEBB922BCE9CC6006CE5EA /* DetailScholarship.swift */,
				FBEEBB842BCE972B006CE5EA /* ScholarshipBox.swift */,
				FBEEBB862BCE97C2006CE5EA /* PublicAnnouncementStatusCategory.swift */,
				FB27A2B22BD2ABAC007C62D0 /* UserDefaultKey.swift */,
				FBEEBBA82BCEC1B0006CE5EA /* Onboarding */,
				FBEEBB9C2BCEA97A006CE5EA /* AllScholarship */,
				FBEEBB9D2BCEA9A9006CE5EA /* MyScholarship */,
				FBEEBB9E2BCEA9AC006CE5EA /* MyPage */,
				FBEEBBA22BCEAB46006CE5EA /* Path */,
			);
			path = Model;
			sourceTree = "<group>";
		};
		FBEEBB9C2BCEA97A006CE5EA /* AllScholarship */ = {
			isa = PBXGroup;
			children = (
				FBABCF062BD77EC40068178F /* Alarm */,
				7B6445A02BCFF88100D4AF74 /* Search */,
				FBEEBB892BCE98DF006CE5EA /* ScholarshipCategory.swift */,
			);
			path = AllScholarship;
			sourceTree = "<group>";
		};
		FBEEBB9D2BCEA9A9006CE5EA /* MyScholarship */ = {
			isa = PBXGroup;
			children = (
				FB676A9F2BD50A510077700E /* MyScholarship.swift */,
				FB19C9202BE147410039205E /* SupportedCategory.swift */,
				FB19C9222BE1476E0039205E /* StorageCategory.swift */,
				FB19C9242BE147850039205E /* MyScholarshipCategory.swift */,
			);
			path = MyScholarship;
			sourceTree = "<group>";
		};
		FBEEBB9E2BCEA9AC006CE5EA /* MyPage */ = {
			isa = PBXGroup;
			children = (
				FB676AA12BD50A5A0077700E /* MyPage.swift */,
			);
			path = MyPage;
			sourceTree = "<group>";
		};
		FBEEBB9F2BCEAA31006CE5EA /* App */ = {
			isa = PBXGroup;
			children = (
				FB978C8F2BCD770600347D47 /* janghakhereApp.swift */,
				FB978CA02BCD773600347D47 /* FirstView.swift */,
				FB29306C2BDC0907009AB2EF /* secret.swift */,
			);
			path = App;
			sourceTree = "<group>";
		};
		FBEEBBA22BCEAB46006CE5EA /* Path */ = {
			isa = PBXGroup;
			children = (
				FBEEBBA02BCEAB40006CE5EA /* PathModel.swift */,
				FBEEBBA32BCEAB56006CE5EA /* PathType.swift */,
			);
			path = Path;
			sourceTree = "<group>";
		};
		FBEEBBA72BCEC1A6006CE5EA /* Onboarding */ = {
			isa = PBXGroup;
			children = (
				7B6445D32BD80CB400D4AF74 /* OnboardingEndView */,
				7B6445D02BD7D66000D4AF74 /* OnboardingWaiting */,
				7B6445C72BD53CFD00D4AF74 /* OnboardingBegin */,
				7B6445C22BD5294A00D4AF74 /* Sheet */,
				7B6445B52BD526DE00D4AF74 /* OnboardingMain */,
				FBE769762BCF7698007F8DEF /* GrayLineTextFieldView.swift */,
				FBE769822BCF8E11007F8DEF /* SlotMachineView.swift */,
				FBE769782BCF769E007F8DEF /* MainButtonView.swift */,
				7B6445C02BD527CB00D4AF74 /* SexSelectionView.swift */,
				FBE7697A2BCF76A4007F8DEF /* GrayBoxGridView.swift */,
				7B6445CC2BD6AC8F00D4AF74 /* GrayLineNumberFieldView.swift */,
				7B6445D82BDD489F00D4AF74 /* EnrollmentStatusGrid.swift */,
				7B6445DA2BDD5FC400D4AF74 /* VerticalButtonGroup.swift */,
			);
			path = Onboarding;
			sourceTree = "<group>";
		};
		FBEEBBA82BCEC1B0006CE5EA /* Onboarding */ = {
			isa = PBXGroup;
			children = (
				FB676A9D2BD50A410077700E /* Onboarding.swift */,
				7B6445BC2BD5272B00D4AF74 /* SemesterYear.swift */,
				7B6445BE2BD5277600D4AF74 /* Gender.swift */,
			);
			path = Onboarding;
			sourceTree = "<group>";
		};
/* End PBXGroup section */

/* Begin PBXNativeTarget section */
		FB978C8B2BCD770600347D47 /* janghakhere */ = {
			isa = PBXNativeTarget;
			buildConfigurationList = FB978C9C2BCD770800347D47 /* Build configuration list for PBXNativeTarget "janghakhere" */;
			buildPhases = (
				FB978C882BCD770600347D47 /* Sources */,
				FB978C892BCD770600347D47 /* Frameworks */,
				FB978C8A2BCD770600347D47 /* Resources */,
			);
			buildRules = (
			);
			dependencies = (
			);
			name = janghakhere;
			productName = janghakhere;
			productReference = FB978C8C2BCD770600347D47 /* janghakhere.app */;
			productType = "com.apple.product-type.application";
		};
/* End PBXNativeTarget section */

/* Begin PBXProject section */
		FB978C842BCD770600347D47 /* Project object */ = {
			isa = PBXProject;
			attributes = {
				BuildIndependentTargetsInParallel = 1;
				LastSwiftUpdateCheck = 1520;
				LastUpgradeCheck = 1520;
				TargetAttributes = {
					FB978C8B2BCD770600347D47 = {
						CreatedOnToolsVersion = 15.2;
					};
				};
			};
			buildConfigurationList = FB978C872BCD770600347D47 /* Build configuration list for PBXProject "janghakhere" */;
			compatibilityVersion = "Xcode 14.0";
			developmentRegion = en;
			hasScannedForEncodings = 0;
			knownRegions = (
				en,
				Base,
			);
			mainGroup = FB978C832BCD770600347D47;
			productRefGroup = FB978C8D2BCD770600347D47 /* Products */;
			projectDirPath = "";
			projectRoot = "";
			targets = (
				FB978C8B2BCD770600347D47 /* janghakhere */,
			);
		};
/* End PBXProject section */

/* Begin PBXResourcesBuildPhase section */
		FB978C8A2BCD770600347D47 /* Resources */ = {
			isa = PBXResourcesBuildPhase;
			buildActionMask = 2147483647;
			files = (
				FB978C992BCD770800347D47 /* Preview Assets.xcassets in Resources */,
				FB978C962BCD770800347D47 /* Assets.xcassets in Resources */,
			);
			runOnlyForDeploymentPostprocessing = 0;
		};
/* End PBXResourcesBuildPhase section */

/* Begin PBXSourcesBuildPhase section */
		FB978C882BCD770600347D47 /* Sources */ = {
			isa = PBXSourcesBuildPhase;
			buildActionMask = 2147483647;
			files = (
				7B6445BD2BD5272B00D4AF74 /* SemesterYear.swift in Sources */,
				7B6445DB2BDD5FC400D4AF74 /* VerticalButtonGroup.swift in Sources */,
				FBABCF042BD636890068178F /* AlarmViewModel.swift in Sources */,
				FB29306F2BDC09D6009AB2EF /* NavigationDefaultView.swift in Sources */,
				FB9785F32BE4A45000F8A281 /* MyScholarshopBoxListActor.swift in Sources */,
				FB978CA42BCD777000347D47 /* Utils.swift in Sources */,
				FB29306B2BDC0633009AB2EF /* ResetInfoViewModel.swift in Sources */,
				FB978CAA2BCD79F300347D47 /* MyPageView.swift in Sources */,
				FBEC81F42BD55EEE00A9A700 /* ScholarshipBoxManager.swift in Sources */,
				FB27A2AC2BD2A118007C62D0 /* SearchScholarshipViewModel.swift in Sources */,
				7B6445D92BDD489F00D4AF74 /* EnrollmentStatusGrid.swift in Sources */,
				FBE769872BCFF36D007F8DEF /* ScholarshipBoxListActor.swift in Sources */,
				FB19C9252BE147850039205E /* MyScholarshipCategory.swift in Sources */,
				FBE769872BCFF36D007F8DEF /* ScholarshipBoxListActor.swift in Sources */,
				FB676AA92BD51A9C0077700E /* DetailScholarshipActor.swift in Sources */,
				FB2930692BDC0633009AB2EF /* ResetInfoActor.swift in Sources */,
				FB19C91F2BE122B90039205E /* NotificationManager.swift in Sources */,
				FB978CA12BCD773600347D47 /* FirstView.swift in Sources */,
				FBE769792BCF769E007F8DEF /* MainButtonView.swift in Sources */,
				FB2930842BDE740E009AB2EF /* TextFieldDynamicWidth.swift in Sources */,
				FBEEBB932BCE9CC6006CE5EA /* DetailScholarship.swift in Sources */,
				FB978CAF2BCD7FF800347D47 /* extension.swift in Sources */,
				FBEEBB912BCE9CB2006CE5EA /* DetailScholarshipView.swift in Sources */,
				7B6445B92BD526EF00D4AF74 /* OnboardingMainActor.swift in Sources */,
				7B6445BA2BD526EF00D4AF74 /* OnboardingMainView.swift in Sources */,
				FB19C9232BE1476E0039205E /* StorageCategory.swift in Sources */,
				FB19C9272BE147970039205E /* MyScholarshipViewModel.swift in Sources */,
				7B6445CF2BD6BAA200D4AF74 /* MaxGradeSheet.swift in Sources */,
				7B6445BF2BD5277600D4AF74 /* Gender.swift in Sources */,
				7B6445BB2BD526EF00D4AF74 /* OnboardingMainViewModel.swift in Sources */,
				FB978CB12BCD83CC00347D47 /* IconCategory.swift in Sources */,
				FBEEBB872BCE97C2006CE5EA /* PublicAnnouncementStatusCategory.swift in Sources */,
				FB676AA22BD50A5A0077700E /* MyPage.swift in Sources */,
				7B6445D22BD7D67B00D4AF74 /* OnboardingWaitingView.swift in Sources */,
				FB676AA72BD51A8A0077700E /* DetailScholarshipViewModel.swift in Sources */,
				FB676AA02BD50A510077700E /* MyScholarship.swift in Sources */,
				FBE7697B2BCF76A4007F8DEF /* GrayBoxGridView.swift in Sources */,
				FB676A9E2BD50A410077700E /* Onboarding.swift in Sources */,
				FBE769772BCF7698007F8DEF /* GrayLineTextFieldView.swift in Sources */,
				FB27A2B32BD2ABAC007C62D0 /* UserDefaultKey.swift in Sources */,
				FB978CB32BCD8C5700347D47 /* ScholarshipBoxView.swift in Sources */,
				FB27A2B12BD2A933007C62D0 /* ChipsGroupView.swift in Sources */,
				7B5C11602BDFEADC0056C2BC /* ScholarshipPostingSheet.swift in Sources */,
				FB2930782BDC0C91009AB2EF /* SettingWebView.swift in Sources */,
				FB27A2AE2BD2A124007C62D0 /* SearchScholarshipStatus.swift in Sources */,
				FB978C922BCD770600347D47 /* SwiftDataView.swift in Sources */,
				7B6445D52BD80CE600D4AF74 /* OnboardingEndView.swift in Sources */,
				7B6445D72BDBF1B500D4AF74 /* OnboardingCompleteView.swift in Sources */,
				7B6445CD2BD6AC8F00D4AF74 /* GrayLineNumberFieldView.swift in Sources */,
				FB978C942BCD770600347D47 /* Item.swift in Sources */,
				FB29307C2BDC14B1009AB2EF /* CustomAlertView.swift in Sources */,
				FB29306A2BDC0633009AB2EF /* SettingView.swift in Sources */,
				FB2930822BDE6A1F009AB2EF /* SuccessFailView.swift in Sources */,
				FB29307A2BDC1066009AB2EF /* ResetInfoView.swift in Sources */,
				FB29306D2BDC0907009AB2EF /* secret.swift in Sources */,
				FBABCF022BD636890068178F /* AlarmActor.swift in Sources */,
				FBEEBBA12BCEAB40006CE5EA /* PathModel.swift in Sources */,
				FBE7698F2BD002EC007F8DEF /* DeviceInfo.swift in Sources */,
				7B6445C12BD527CB00D4AF74 /* SexSelectionView.swift in Sources */,
				7B6445C92BD53D1B00D4AF74 /* OnboardingBeginView.swift in Sources */,
				FB978C902BCD770600347D47 /* janghakhereApp.swift in Sources */,
				7B5C11692BE142010056C2BC /* MyInformationActor.swift in Sources */,
				7B5C116A2BE142010056C2BC /* MyInformationView.swift in Sources */,
				7B5C116B2BE142010056C2BC /* MyInformationViewModel.swift in Sources */,
				FBEEBB8E2BCE9BC1006CE5EA /* AllScholarshipViewModel.swift in Sources */,
				7B6445C62BD534F500D4AF74 /* SemesterYearSelectionView.swift in Sources */,
				FBEEBB8A2BCE98DF006CE5EA /* ScholarshipCategory.swift in Sources */,
				FB978CA82BCD79E900347D47 /* AllScholarshipView.swift in Sources */,
				7B6445CB2BD6A2A700D4AF74 /* IncomeConfirmView.swift in Sources */,
				FBE769832BCF8E11007F8DEF /* SlotMachineView.swift in Sources */,
				7B6445A22BCFF89A00D4AF74 /* Chip.swift in Sources */,
				FB19C9212BE147410039205E /* SupportedCategory.swift in Sources */,
				7B6445C42BD5295A00D4AF74 /* DateSelectionView.swift in Sources */,
				FBABCF0A2BD77F070068178F /* AlarmCategory.swift in Sources */,
				FB2930762BDC0AD3009AB2EF /* WebView.swift in Sources */,
				FB978CA62BCD79CF00347D47 /* MyScholarshipView.swift in Sources */,
				FBEEBB852BCE972B006CE5EA /* ScholarshipBox.swift in Sources */,
				FBE7698D2BD00127007F8DEF /* ScholarshipBoxListView.swift in Sources */,
				FB27A2AB2BD2A118007C62D0 /* SearchScholarshipView.swift in Sources */,
				FBEEBBA42BCEAB56006CE5EA /* PathType.swift in Sources */,
				FBABCF032BD636890068178F /* AlarmView.swift in Sources */,
				FBEEBBA62BCEB1AA006CE5EA /* HTTPUtils.swift in Sources */,
				FBABCF082BD77ED60068178F /* Alarm.swift in Sources */,
				FB2930742BDC0AB3009AB2EF /* WebTotalView.swift in Sources */,
				7B5C11632BE12E3F0056C2BC /* MyPageActor.swift in Sources */,
				7B5C11642BE12E3F0056C2BC /* MyPageViewModel.swift in Sources */,
			);
			runOnlyForDeploymentPostprocessing = 0;
		};
/* End PBXSourcesBuildPhase section */

/* Begin XCBuildConfiguration section */
		FB978C9A2BCD770800347D47 /* Debug */ = {
			isa = XCBuildConfiguration;
			buildSettings = {
				ALWAYS_SEARCH_USER_PATHS = NO;
				ASSETCATALOG_COMPILER_GENERATE_SWIFT_ASSET_SYMBOL_EXTENSIONS = YES;
				CLANG_ANALYZER_NONNULL = YES;
				CLANG_ANALYZER_NUMBER_OBJECT_CONVERSION = YES_AGGRESSIVE;
				CLANG_CXX_LANGUAGE_STANDARD = "gnu++20";
				CLANG_ENABLE_MODULES = YES;
				CLANG_ENABLE_OBJC_ARC = YES;
				CLANG_ENABLE_OBJC_WEAK = YES;
				CLANG_WARN_BLOCK_CAPTURE_AUTORELEASING = YES;
				CLANG_WARN_BOOL_CONVERSION = YES;
				CLANG_WARN_COMMA = YES;
				CLANG_WARN_CONSTANT_CONVERSION = YES;
				CLANG_WARN_DEPRECATED_OBJC_IMPLEMENTATIONS = YES;
				CLANG_WARN_DIRECT_OBJC_ISA_USAGE = YES_ERROR;
				CLANG_WARN_DOCUMENTATION_COMMENTS = YES;
				CLANG_WARN_EMPTY_BODY = YES;
				CLANG_WARN_ENUM_CONVERSION = YES;
				CLANG_WARN_INFINITE_RECURSION = YES;
				CLANG_WARN_INT_CONVERSION = YES;
				CLANG_WARN_NON_LITERAL_NULL_CONVERSION = YES;
				CLANG_WARN_OBJC_IMPLICIT_RETAIN_SELF = YES;
				CLANG_WARN_OBJC_LITERAL_CONVERSION = YES;
				CLANG_WARN_OBJC_ROOT_CLASS = YES_ERROR;
				CLANG_WARN_QUOTED_INCLUDE_IN_FRAMEWORK_HEADER = YES;
				CLANG_WARN_RANGE_LOOP_ANALYSIS = YES;
				CLANG_WARN_STRICT_PROTOTYPES = YES;
				CLANG_WARN_SUSPICIOUS_MOVE = YES;
				CLANG_WARN_UNGUARDED_AVAILABILITY = YES_AGGRESSIVE;
				CLANG_WARN_UNREACHABLE_CODE = YES;
				CLANG_WARN__DUPLICATE_METHOD_MATCH = YES;
				COPY_PHASE_STRIP = NO;
				DEBUG_INFORMATION_FORMAT = dwarf;
				ENABLE_STRICT_OBJC_MSGSEND = YES;
				ENABLE_TESTABILITY = YES;
				ENABLE_USER_SCRIPT_SANDBOXING = YES;
				GCC_C_LANGUAGE_STANDARD = gnu17;
				GCC_DYNAMIC_NO_PIC = NO;
				GCC_NO_COMMON_BLOCKS = YES;
				GCC_OPTIMIZATION_LEVEL = 0;
				GCC_PREPROCESSOR_DEFINITIONS = (
					"DEBUG=1",
					"$(inherited)",
				);
				GCC_WARN_64_TO_32_BIT_CONVERSION = YES;
				GCC_WARN_ABOUT_RETURN_TYPE = YES_ERROR;
				GCC_WARN_UNDECLARED_SELECTOR = YES;
				GCC_WARN_UNINITIALIZED_AUTOS = YES_AGGRESSIVE;
				GCC_WARN_UNUSED_FUNCTION = YES;
				GCC_WARN_UNUSED_VARIABLE = YES;
				IPHONEOS_DEPLOYMENT_TARGET = 17.2;
				LOCALIZATION_PREFERS_STRING_CATALOGS = YES;
				MTL_ENABLE_DEBUG_INFO = INCLUDE_SOURCE;
				MTL_FAST_MATH = YES;
				ONLY_ACTIVE_ARCH = YES;
				SDKROOT = iphoneos;
				SWIFT_ACTIVE_COMPILATION_CONDITIONS = "DEBUG $(inherited)";
				SWIFT_OPTIMIZATION_LEVEL = "-Onone";
			};
			name = Debug;
		};
		FB978C9B2BCD770800347D47 /* Release */ = {
			isa = XCBuildConfiguration;
			buildSettings = {
				ALWAYS_SEARCH_USER_PATHS = NO;
				ASSETCATALOG_COMPILER_GENERATE_SWIFT_ASSET_SYMBOL_EXTENSIONS = YES;
				CLANG_ANALYZER_NONNULL = YES;
				CLANG_ANALYZER_NUMBER_OBJECT_CONVERSION = YES_AGGRESSIVE;
				CLANG_CXX_LANGUAGE_STANDARD = "gnu++20";
				CLANG_ENABLE_MODULES = YES;
				CLANG_ENABLE_OBJC_ARC = YES;
				CLANG_ENABLE_OBJC_WEAK = YES;
				CLANG_WARN_BLOCK_CAPTURE_AUTORELEASING = YES;
				CLANG_WARN_BOOL_CONVERSION = YES;
				CLANG_WARN_COMMA = YES;
				CLANG_WARN_CONSTANT_CONVERSION = YES;
				CLANG_WARN_DEPRECATED_OBJC_IMPLEMENTATIONS = YES;
				CLANG_WARN_DIRECT_OBJC_ISA_USAGE = YES_ERROR;
				CLANG_WARN_DOCUMENTATION_COMMENTS = YES;
				CLANG_WARN_EMPTY_BODY = YES;
				CLANG_WARN_ENUM_CONVERSION = YES;
				CLANG_WARN_INFINITE_RECURSION = YES;
				CLANG_WARN_INT_CONVERSION = YES;
				CLANG_WARN_NON_LITERAL_NULL_CONVERSION = YES;
				CLANG_WARN_OBJC_IMPLICIT_RETAIN_SELF = YES;
				CLANG_WARN_OBJC_LITERAL_CONVERSION = YES;
				CLANG_WARN_OBJC_ROOT_CLASS = YES_ERROR;
				CLANG_WARN_QUOTED_INCLUDE_IN_FRAMEWORK_HEADER = YES;
				CLANG_WARN_RANGE_LOOP_ANALYSIS = YES;
				CLANG_WARN_STRICT_PROTOTYPES = YES;
				CLANG_WARN_SUSPICIOUS_MOVE = YES;
				CLANG_WARN_UNGUARDED_AVAILABILITY = YES_AGGRESSIVE;
				CLANG_WARN_UNREACHABLE_CODE = YES;
				CLANG_WARN__DUPLICATE_METHOD_MATCH = YES;
				COPY_PHASE_STRIP = NO;
				DEBUG_INFORMATION_FORMAT = "dwarf-with-dsym";
				ENABLE_NS_ASSERTIONS = NO;
				ENABLE_STRICT_OBJC_MSGSEND = YES;
				ENABLE_USER_SCRIPT_SANDBOXING = YES;
				GCC_C_LANGUAGE_STANDARD = gnu17;
				GCC_NO_COMMON_BLOCKS = YES;
				GCC_WARN_64_TO_32_BIT_CONVERSION = YES;
				GCC_WARN_ABOUT_RETURN_TYPE = YES_ERROR;
				GCC_WARN_UNDECLARED_SELECTOR = YES;
				GCC_WARN_UNINITIALIZED_AUTOS = YES_AGGRESSIVE;
				GCC_WARN_UNUSED_FUNCTION = YES;
				GCC_WARN_UNUSED_VARIABLE = YES;
				IPHONEOS_DEPLOYMENT_TARGET = 17.2;
				LOCALIZATION_PREFERS_STRING_CATALOGS = YES;
				MTL_ENABLE_DEBUG_INFO = NO;
				MTL_FAST_MATH = YES;
				SDKROOT = iphoneos;
				SWIFT_COMPILATION_MODE = wholemodule;
				VALIDATE_PRODUCT = YES;
			};
			name = Release;
		};
		FB978C9D2BCD770800347D47 /* Debug */ = {
			isa = XCBuildConfiguration;
			buildSettings = {
				ASSETCATALOG_COMPILER_APPICON_NAME = AppIcon;
				ASSETCATALOG_COMPILER_GLOBAL_ACCENT_COLOR_NAME = AccentColor;
				CODE_SIGN_STYLE = Automatic;
				CURRENT_PROJECT_VERSION = 1;
				DEVELOPMENT_ASSET_PATHS = "\"janghakhere/Preview Content\"";
				DEVELOPMENT_TEAM = J7ZP3WYXRW;
				ENABLE_PREVIEWS = YES;
				GENERATE_INFOPLIST_FILE = YES;
				INFOPLIST_FILE = janghakhere/Info.plist;
				INFOPLIST_KEY_UIApplicationSceneManifest_Generation = YES;
				INFOPLIST_KEY_UIApplicationSupportsIndirectInputEvents = YES;
				INFOPLIST_KEY_UILaunchScreen_Generation = YES;
				INFOPLIST_KEY_UISupportedInterfaceOrientations = UIInterfaceOrientationPortrait;
				IPHONEOS_DEPLOYMENT_TARGET = 17.0;
				LD_RUNPATH_SEARCH_PATHS = (
					"$(inherited)",
					"@executable_path/Frameworks",
				);
				MARKETING_VERSION = 1.0;
				PRODUCT_BUNDLE_IDENTIFIER = bbushaebbushae.janghakhere;
				PRODUCT_NAME = "$(TARGET_NAME)";
				SWIFT_EMIT_LOC_STRINGS = YES;
				SWIFT_VERSION = 5.0;
				TARGETED_DEVICE_FAMILY = "1,2";
			};
			name = Debug;
		};
		FB978C9E2BCD770800347D47 /* Release */ = {
			isa = XCBuildConfiguration;
			buildSettings = {
				ASSETCATALOG_COMPILER_APPICON_NAME = AppIcon;
				ASSETCATALOG_COMPILER_GLOBAL_ACCENT_COLOR_NAME = AccentColor;
				CODE_SIGN_STYLE = Automatic;
				CURRENT_PROJECT_VERSION = 1;
				DEVELOPMENT_ASSET_PATHS = "\"janghakhere/Preview Content\"";
				DEVELOPMENT_TEAM = J7ZP3WYXRW;
				ENABLE_PREVIEWS = YES;
				GENERATE_INFOPLIST_FILE = YES;
				INFOPLIST_FILE = janghakhere/Info.plist;
				INFOPLIST_KEY_UIApplicationSceneManifest_Generation = YES;
				INFOPLIST_KEY_UIApplicationSupportsIndirectInputEvents = YES;
				INFOPLIST_KEY_UILaunchScreen_Generation = YES;
				INFOPLIST_KEY_UISupportedInterfaceOrientations = UIInterfaceOrientationPortrait;
				IPHONEOS_DEPLOYMENT_TARGET = 17.0;
				LD_RUNPATH_SEARCH_PATHS = (
					"$(inherited)",
					"@executable_path/Frameworks",
				);
				MARKETING_VERSION = 1.0;
				PRODUCT_BUNDLE_IDENTIFIER = bbushaebbushae.janghakhere;
				PRODUCT_NAME = "$(TARGET_NAME)";
				SWIFT_EMIT_LOC_STRINGS = YES;
				SWIFT_VERSION = 5.0;
				TARGETED_DEVICE_FAMILY = "1,2";
			};
			name = Release;
		};
/* End XCBuildConfiguration section */

/* Begin XCConfigurationList section */
		FB978C872BCD770600347D47 /* Build configuration list for PBXProject "janghakhere" */ = {
			isa = XCConfigurationList;
			buildConfigurations = (
				FB978C9A2BCD770800347D47 /* Debug */,
				FB978C9B2BCD770800347D47 /* Release */,
			);
			defaultConfigurationIsVisible = 0;
			defaultConfigurationName = Release;
		};
		FB978C9C2BCD770800347D47 /* Build configuration list for PBXNativeTarget "janghakhere" */ = {
			isa = XCConfigurationList;
			buildConfigurations = (
				FB978C9D2BCD770800347D47 /* Debug */,
				FB978C9E2BCD770800347D47 /* Release */,
			);
			defaultConfigurationIsVisible = 0;
			defaultConfigurationName = Release;
		};
/* End XCConfigurationList section */
	};
	rootObject = FB978C842BCD770600347D47 /* Project object */;
}
