// !$*UTF8*$!
{
	archiveVersion = 1;
	classes = {
	};
	objectVersion = 56;
	objects = {

/* Begin PBXBuildFile section */
		7B6445A22BCFF89A00D4AF74 /* Chip.swift in Sources */ = {isa = PBXBuildFile; fileRef = 7B6445A12BCFF89A00D4AF74 /* Chip.swift */; };
		7B6445A52BD2A68100D4AF74 /* ChipsView.swift in Sources */ = {isa = PBXBuildFile; fileRef = 7B6445A42BD2A68100D4AF74 /* ChipsView.swift */; };
		FB978C902BCD770600347D47 /* janghakhereApp.swift in Sources */ = {isa = PBXBuildFile; fileRef = FB978C8F2BCD770600347D47 /* janghakhereApp.swift */; };
		FB978C922BCD770600347D47 /* SwiftDataView.swift in Sources */ = {isa = PBXBuildFile; fileRef = FB978C912BCD770600347D47 /* SwiftDataView.swift */; };
		FB978C942BCD770600347D47 /* Item.swift in Sources */ = {isa = PBXBuildFile; fileRef = FB978C932BCD770600347D47 /* Item.swift */; };
		FB978C962BCD770800347D47 /* Assets.xcassets in Resources */ = {isa = PBXBuildFile; fileRef = FB978C952BCD770800347D47 /* Assets.xcassets */; };
		FB978C992BCD770800347D47 /* Preview Assets.xcassets in Resources */ = {isa = PBXBuildFile; fileRef = FB978C982BCD770800347D47 /* Preview Assets.xcassets */; };
		FB978CA12BCD773600347D47 /* ContentView.swift in Sources */ = {isa = PBXBuildFile; fileRef = FB978CA02BCD773600347D47 /* ContentView.swift */; };
		FB978CA42BCD777000347D47 /* Utils.swift in Sources */ = {isa = PBXBuildFile; fileRef = FB978CA32BCD777000347D47 /* Utils.swift */; };
		FB978CA62BCD79CF00347D47 /* MyScholarshipView.swift in Sources */ = {isa = PBXBuildFile; fileRef = FB978CA52BCD79CF00347D47 /* MyScholarshipView.swift */; };
		FB978CA82BCD79E900347D47 /* AllScholarshipView.swift in Sources */ = {isa = PBXBuildFile; fileRef = FB978CA72BCD79E900347D47 /* AllScholarshipView.swift */; };
		FB978CAA2BCD79F300347D47 /* MyPageView.swift in Sources */ = {isa = PBXBuildFile; fileRef = FB978CA92BCD79F300347D47 /* MyPageView.swift */; };
		FB978CAF2BCD7FF800347D47 /* extension.swift in Sources */ = {isa = PBXBuildFile; fileRef = FB978CAE2BCD7FF800347D47 /* extension.swift */; };
		FB978CB12BCD83CC00347D47 /* IconCategory.swift in Sources */ = {isa = PBXBuildFile; fileRef = FB978CB02BCD83CB00347D47 /* IconCategory.swift */; };
		FB978CB32BCD8C5700347D47 /* ScholarshipBoxView.swift in Sources */ = {isa = PBXBuildFile; fileRef = FB978CB22BCD8C5700347D47 /* ScholarshipBoxView.swift */; };
		FBE769772BCF7698007F8DEF /* GrayLineTextFieldView.swift in Sources */ = {isa = PBXBuildFile; fileRef = FBE769762BCF7698007F8DEF /* GrayLineTextFieldView.swift */; };
		FBE769792BCF769E007F8DEF /* MainButtonView.swift in Sources */ = {isa = PBXBuildFile; fileRef = FBE769782BCF769E007F8DEF /* MainButtonView.swift */; };
		FBE7697B2BCF76A4007F8DEF /* GrayBoxGridView.swift in Sources */ = {isa = PBXBuildFile; fileRef = FBE7697A2BCF76A4007F8DEF /* GrayBoxGridView.swift */; };
		FBE769832BCF8E11007F8DEF /* SlotMachineView.swift in Sources */ = {isa = PBXBuildFile; fileRef = FBE769822BCF8E11007F8DEF /* SlotMachineView.swift */; };
		FBEEBB852BCE972B006CE5EA /* ScholarshipBox.swift in Sources */ = {isa = PBXBuildFile; fileRef = FBEEBB842BCE972B006CE5EA /* ScholarshipBox.swift */; };
		FBEEBB872BCE97C2006CE5EA /* PublicAnnouncementStatusCategory.swift in Sources */ = {isa = PBXBuildFile; fileRef = FBEEBB862BCE97C2006CE5EA /* PublicAnnouncementStatusCategory.swift */; };
		FBEEBB8A2BCE98DF006CE5EA /* ScholarshipCategory.swift in Sources */ = {isa = PBXBuildFile; fileRef = FBEEBB892BCE98DF006CE5EA /* ScholarshipCategory.swift */; };
		FBEEBB8C2BCE9BB0006CE5EA /* AllScholarshipActor.swift in Sources */ = {isa = PBXBuildFile; fileRef = FBEEBB8B2BCE9BB0006CE5EA /* AllScholarshipActor.swift */; };
		FBEEBB8E2BCE9BC1006CE5EA /* AllScholarshipViewModel.swift in Sources */ = {isa = PBXBuildFile; fileRef = FBEEBB8D2BCE9BC1006CE5EA /* AllScholarshipViewModel.swift */; };
		FBEEBB912BCE9CB2006CE5EA /* DetailScholarshipView.swift in Sources */ = {isa = PBXBuildFile; fileRef = FBEEBB902BCE9CB2006CE5EA /* DetailScholarshipView.swift */; };
		FBEEBB932BCE9CC6006CE5EA /* DetailScholarship.swift in Sources */ = {isa = PBXBuildFile; fileRef = FBEEBB922BCE9CC6006CE5EA /* DetailScholarship.swift */; };
		FBEEBBA12BCEAB40006CE5EA /* PathModel.swift in Sources */ = {isa = PBXBuildFile; fileRef = FBEEBBA02BCEAB40006CE5EA /* PathModel.swift */; };
		FBEEBBA42BCEAB56006CE5EA /* PathType.swift in Sources */ = {isa = PBXBuildFile; fileRef = FBEEBBA32BCEAB56006CE5EA /* PathType.swift */; };
		FBEEBBA62BCEB1AA006CE5EA /* HTTPUtils.swift in Sources */ = {isa = PBXBuildFile; fileRef = FBEEBBA52BCEB1AA006CE5EA /* HTTPUtils.swift */; };
/* End PBXBuildFile section */

/* Begin PBXFileReference section */
		7B6445A12BCFF89A00D4AF74 /* Chip.swift */ = {isa = PBXFileReference; lastKnownFileType = sourcecode.swift; path = Chip.swift; sourceTree = "<group>"; };
		7B6445A42BD2A68100D4AF74 /* ChipsView.swift */ = {isa = PBXFileReference; lastKnownFileType = sourcecode.swift; path = ChipsView.swift; sourceTree = "<group>"; };
		FB978C8C2BCD770600347D47 /* janghakhere.app */ = {isa = PBXFileReference; explicitFileType = wrapper.application; includeInIndex = 0; path = janghakhere.app; sourceTree = BUILT_PRODUCTS_DIR; };
		FB978C8F2BCD770600347D47 /* janghakhereApp.swift */ = {isa = PBXFileReference; lastKnownFileType = sourcecode.swift; path = janghakhereApp.swift; sourceTree = "<group>"; };
		FB978C912BCD770600347D47 /* SwiftDataView.swift */ = {isa = PBXFileReference; lastKnownFileType = sourcecode.swift; path = SwiftDataView.swift; sourceTree = "<group>"; };
		FB978C932BCD770600347D47 /* Item.swift */ = {isa = PBXFileReference; lastKnownFileType = sourcecode.swift; path = Item.swift; sourceTree = "<group>"; };
		FB978C952BCD770800347D47 /* Assets.xcassets */ = {isa = PBXFileReference; lastKnownFileType = folder.assetcatalog; path = Assets.xcassets; sourceTree = "<group>"; };
		FB978C982BCD770800347D47 /* Preview Assets.xcassets */ = {isa = PBXFileReference; lastKnownFileType = folder.assetcatalog; path = "Preview Assets.xcassets"; sourceTree = "<group>"; };
		FB978CA02BCD773600347D47 /* ContentView.swift */ = {isa = PBXFileReference; lastKnownFileType = sourcecode.swift; path = ContentView.swift; sourceTree = "<group>"; };
		FB978CA22BCD775600347D47 /* Config.xcconfig */ = {isa = PBXFileReference; lastKnownFileType = text.xcconfig; path = Config.xcconfig; sourceTree = "<group>"; };
		FB978CA32BCD777000347D47 /* Utils.swift */ = {isa = PBXFileReference; lastKnownFileType = sourcecode.swift; path = Utils.swift; sourceTree = "<group>"; };
		FB978CA52BCD79CF00347D47 /* MyScholarshipView.swift */ = {isa = PBXFileReference; lastKnownFileType = sourcecode.swift; path = MyScholarshipView.swift; sourceTree = "<group>"; };
		FB978CA72BCD79E900347D47 /* AllScholarshipView.swift */ = {isa = PBXFileReference; lastKnownFileType = sourcecode.swift; path = AllScholarshipView.swift; sourceTree = "<group>"; };
		FB978CA92BCD79F300347D47 /* MyPageView.swift */ = {isa = PBXFileReference; lastKnownFileType = sourcecode.swift; path = MyPageView.swift; sourceTree = "<group>"; };
		FB978CAE2BCD7FF800347D47 /* extension.swift */ = {isa = PBXFileReference; lastKnownFileType = sourcecode.swift; path = extension.swift; sourceTree = "<group>"; };
		FB978CB02BCD83CB00347D47 /* IconCategory.swift */ = {isa = PBXFileReference; lastKnownFileType = sourcecode.swift; path = IconCategory.swift; sourceTree = "<group>"; };
		FB978CB22BCD8C5700347D47 /* ScholarshipBoxView.swift */ = {isa = PBXFileReference; lastKnownFileType = sourcecode.swift; path = ScholarshipBoxView.swift; sourceTree = "<group>"; };
		FBE769762BCF7698007F8DEF /* GrayLineTextFieldView.swift */ = {isa = PBXFileReference; lastKnownFileType = sourcecode.swift; path = GrayLineTextFieldView.swift; sourceTree = "<group>"; };
		FBE769782BCF769E007F8DEF /* MainButtonView.swift */ = {isa = PBXFileReference; lastKnownFileType = sourcecode.swift; path = MainButtonView.swift; sourceTree = "<group>"; };
		FBE7697A2BCF76A4007F8DEF /* GrayBoxGridView.swift */ = {isa = PBXFileReference; lastKnownFileType = sourcecode.swift; path = GrayBoxGridView.swift; sourceTree = "<group>"; };
		FBE769822BCF8E11007F8DEF /* SlotMachineView.swift */ = {isa = PBXFileReference; lastKnownFileType = sourcecode.swift; path = SlotMachineView.swift; sourceTree = "<group>"; };
		FBEEBB842BCE972B006CE5EA /* ScholarshipBox.swift */ = {isa = PBXFileReference; lastKnownFileType = sourcecode.swift; path = ScholarshipBox.swift; sourceTree = "<group>"; };
		FBEEBB862BCE97C2006CE5EA /* PublicAnnouncementStatusCategory.swift */ = {isa = PBXFileReference; lastKnownFileType = sourcecode.swift; path = PublicAnnouncementStatusCategory.swift; sourceTree = "<group>"; };
		FBEEBB892BCE98DF006CE5EA /* ScholarshipCategory.swift */ = {isa = PBXFileReference; lastKnownFileType = sourcecode.swift; path = ScholarshipCategory.swift; sourceTree = "<group>"; };
		FBEEBB8B2BCE9BB0006CE5EA /* AllScholarshipActor.swift */ = {isa = PBXFileReference; lastKnownFileType = sourcecode.swift; path = AllScholarshipActor.swift; sourceTree = "<group>"; };
		FBEEBB8D2BCE9BC1006CE5EA /* AllScholarshipViewModel.swift */ = {isa = PBXFileReference; lastKnownFileType = sourcecode.swift; path = AllScholarshipViewModel.swift; sourceTree = "<group>"; };
		FBEEBB902BCE9CB2006CE5EA /* DetailScholarshipView.swift */ = {isa = PBXFileReference; lastKnownFileType = sourcecode.swift; path = DetailScholarshipView.swift; sourceTree = "<group>"; };
		FBEEBB922BCE9CC6006CE5EA /* DetailScholarship.swift */ = {isa = PBXFileReference; lastKnownFileType = sourcecode.swift; path = DetailScholarship.swift; sourceTree = "<group>"; };
		FBEEBBA02BCEAB40006CE5EA /* PathModel.swift */ = {isa = PBXFileReference; lastKnownFileType = sourcecode.swift; path = PathModel.swift; sourceTree = "<group>"; };
		FBEEBBA32BCEAB56006CE5EA /* PathType.swift */ = {isa = PBXFileReference; lastKnownFileType = sourcecode.swift; path = PathType.swift; sourceTree = "<group>"; };
		FBEEBBA52BCEB1AA006CE5EA /* HTTPUtils.swift */ = {isa = PBXFileReference; lastKnownFileType = sourcecode.swift; path = HTTPUtils.swift; sourceTree = "<group>"; };
/* End PBXFileReference section */

/* Begin PBXFrameworksBuildPhase section */
		FB978C892BCD770600347D47 /* Frameworks */ = {
			isa = PBXFrameworksBuildPhase;
			buildActionMask = 2147483647;
			files = (
			);
			runOnlyForDeploymentPostprocessing = 0;
		};
/* End PBXFrameworksBuildPhase section */

/* Begin PBXGroup section */
		7B6445A02BCFF88100D4AF74 /* Search */ = {
			isa = PBXGroup;
			children = (
				7B6445A12BCFF89A00D4AF74 /* Chip.swift */,
			);
			path = Search;
			sourceTree = "<group>";
		};
		7B6445A32BD2A67200D4AF74 /* Search */ = {
			isa = PBXGroup;
			children = (
				7B6445A42BD2A68100D4AF74 /* ChipsView.swift */,
			);
			path = Search;
			sourceTree = "<group>";
		};
		FB978C832BCD770600347D47 = {
			isa = PBXGroup;
			children = (
				FB978C8E2BCD770600347D47 /* janghakhere */,
				FB978C8D2BCD770600347D47 /* Products */,
			);
			sourceTree = "<group>";
		};
		FB978C8D2BCD770600347D47 /* Products */ = {
			isa = PBXGroup;
			children = (
				FB978C8C2BCD770600347D47 /* janghakhere.app */,
			);
			name = Products;
			sourceTree = "<group>";
		};
		FB978C8E2BCD770600347D47 /* janghakhere */ = {
			isa = PBXGroup;
			children = (
				FB978CA22BCD775600347D47 /* Config.xcconfig */,
				FBEEBB9F2BCEAA31006CE5EA /* App */,
				FBEEBB942BCEA5BE006CE5EA /* Data */,
				FBEEBB9B2BCEA81F006CE5EA /* Model */,
				FBEEBB9A2BCEA7C1006CE5EA /* Feature */,
				FBEEBB972BCEA73B006CE5EA /* Common */,
				FB978CAB2BCD7F3800347D47 /* Core */,
				FB978C9F2BCD771100347D47 /* SwiftData */,
				FB978C972BCD770800347D47 /* Preview Content */,
			);
			path = janghakhere;
			sourceTree = "<group>";
		};
		FB978C972BCD770800347D47 /* Preview Content */ = {
			isa = PBXGroup;
			children = (
				FB978C982BCD770800347D47 /* Preview Assets.xcassets */,
			);
			path = "Preview Content";
			sourceTree = "<group>";
		};
		FB978C9F2BCD771100347D47 /* SwiftData */ = {
			isa = PBXGroup;
			children = (
				FB978C912BCD770600347D47 /* SwiftDataView.swift */,
				FB978C932BCD770600347D47 /* Item.swift */,
			);
			path = SwiftData;
			sourceTree = "<group>";
		};
		FB978CAB2BCD7F3800347D47 /* Core */ = {
			isa = PBXGroup;
			children = (
				FBEEBB982BCEA76A006CE5EA /* Helper */,
				FB978C952BCD770800347D47 /* Assets.xcassets */,
				FB978CAE2BCD7FF800347D47 /* extension.swift */,
			);
			path = Core;
			sourceTree = "<group>";
		};
		FB978CB42BCD8EBC00347D47 /* AllScholarship */ = {
			isa = PBXGroup;
			children = (
				7B6445A32BD2A67200D4AF74 /* Search */,
				FB978CA72BCD79E900347D47 /* AllScholarshipView.swift */,
				FBEEBB8D2BCE9BC1006CE5EA /* AllScholarshipViewModel.swift */,
				FBEEBB8B2BCE9BB0006CE5EA /* AllScholarshipActor.swift */,
			);
			path = AllScholarship;
			sourceTree = "<group>";
		};
		FB978CB52BCD8ECF00347D47 /* MyScholarship */ = {
			isa = PBXGroup;
			children = (
				FB978CA52BCD79CF00347D47 /* MyScholarshipView.swift */,
			);
			path = MyScholarship;
			sourceTree = "<group>";
		};
		FB978CB62BCD8ED700347D47 /* MyPage */ = {
			isa = PBXGroup;
			children = (
				FB978CA92BCD79F300347D47 /* MyPageView.swift */,
			);
			path = MyPage;
			sourceTree = "<group>";
		};
		FBEEBB942BCEA5BE006CE5EA /* Data */ = {
			isa = PBXGroup;
			children = (
				FBEEBB952BCEA5C6006CE5EA /* Network */,
				FBEEBB962BCEA695006CE5EA /* Actor */,
			);
			path = Data;
			sourceTree = "<group>";
		};
		FBEEBB952BCEA5C6006CE5EA /* Network */ = {
			isa = PBXGroup;
			children = (
				FBEEBBA52BCEB1AA006CE5EA /* HTTPUtils.swift */,
			);
			path = Network;
			sourceTree = "<group>";
		};
		FBEEBB962BCEA695006CE5EA /* Actor */ = {
			isa = PBXGroup;
			children = (
			);
			path = Actor;
			sourceTree = "<group>";
		};
		FBEEBB972BCEA73B006CE5EA /* Common */ = {
			isa = PBXGroup;
			children = (
				FB978CB02BCD83CB00347D47 /* IconCategory.swift */,
			);
			path = Common;
			sourceTree = "<group>";
		};
		FBEEBB982BCEA76A006CE5EA /* Helper */ = {
			isa = PBXGroup;
			children = (
				FB978CA32BCD777000347D47 /* Utils.swift */,
			);
			path = Helper;
			sourceTree = "<group>";
		};
		FBEEBB9A2BCEA7C1006CE5EA /* Feature */ = {
			isa = PBXGroup;
			children = (
				FB978CB22BCD8C5700347D47 /* ScholarshipBoxView.swift */,
				FBEEBB902BCE9CB2006CE5EA /* DetailScholarshipView.swift */,
				FBEEBBA72BCEC1A6006CE5EA /* Onboarding */,
				FB978CB42BCD8EBC00347D47 /* AllScholarship */,
				FB978CB52BCD8ECF00347D47 /* MyScholarship */,
				FB978CB62BCD8ED700347D47 /* MyPage */,
			);
			path = Feature;
			sourceTree = "<group>";
		};
		FBEEBB9B2BCEA81F006CE5EA /* Model */ = {
			isa = PBXGroup;
			children = (
				FBEEBB922BCE9CC6006CE5EA /* DetailScholarship.swift */,
				FBEEBB842BCE972B006CE5EA /* ScholarshipBox.swift */,
				FBEEBB862BCE97C2006CE5EA /* PublicAnnouncementStatusCategory.swift */,
				FBEEBBA82BCEC1B0006CE5EA /* Onboarding */,
				FBEEBB9C2BCEA97A006CE5EA /* AllScholarship */,
				FBEEBB9D2BCEA9A9006CE5EA /* MyScholarship */,
				FBEEBB9E2BCEA9AC006CE5EA /* MyPage */,
				FBEEBBA22BCEAB46006CE5EA /* Path */,
			);
			path = Model;
			sourceTree = "<group>";
		};
		FBEEBB9C2BCEA97A006CE5EA /* AllScholarship */ = {
			isa = PBXGroup;
			children = (
				7B6445A02BCFF88100D4AF74 /* Search */,
				FBEEBB892BCE98DF006CE5EA /* ScholarshipCategory.swift */,
			);
			path = AllScholarship;
			sourceTree = "<group>";
		};
		FBEEBB9D2BCEA9A9006CE5EA /* MyScholarship */ = {
			isa = PBXGroup;
			children = (
			);
			path = MyScholarship;
			sourceTree = "<group>";
		};
		FBEEBB9E2BCEA9AC006CE5EA /* MyPage */ = {
			isa = PBXGroup;
			children = (
			);
			path = MyPage;
			sourceTree = "<group>";
		};
		FBEEBB9F2BCEAA31006CE5EA /* App */ = {
			isa = PBXGroup;
			children = (
				FB978C8F2BCD770600347D47 /* janghakhereApp.swift */,
				FB978CA02BCD773600347D47 /* ContentView.swift */,
			);
			path = App;
			sourceTree = "<group>";
		};
		FBEEBBA22BCEAB46006CE5EA /* Path */ = {
			isa = PBXGroup;
			children = (
				FBEEBBA02BCEAB40006CE5EA /* PathModel.swift */,
				FBEEBBA32BCEAB56006CE5EA /* PathType.swift */,
			);
			path = Path;
			sourceTree = "<group>";
		};
		FBEEBBA72BCEC1A6006CE5EA /* Onboarding */ = {
			isa = PBXGroup;
			children = (
				FBE769762BCF7698007F8DEF /* GrayLineTextFieldView.swift */,
				FBE769822BCF8E11007F8DEF /* SlotMachineView.swift */,
				FBE769782BCF769E007F8DEF /* MainButtonView.swift */,
				FBE7697A2BCF76A4007F8DEF /* GrayBoxGridView.swift */,
			);
			path = Onboarding;
			sourceTree = "<group>";
		};
		FBEEBBA82BCEC1B0006CE5EA /* Onboarding */ = {
			isa = PBXGroup;
			children = (
			);
			path = Onboarding;
			sourceTree = "<group>";
		};
/* End PBXGroup section */

/* Begin PBXNativeTarget section */
		FB978C8B2BCD770600347D47 /* janghakhere */ = {
			isa = PBXNativeTarget;
			buildConfigurationList = FB978C9C2BCD770800347D47 /* Build configuration list for PBXNativeTarget "janghakhere" */;
			buildPhases = (
				FB978C882BCD770600347D47 /* Sources */,
				FB978C892BCD770600347D47 /* Frameworks */,
				FB978C8A2BCD770600347D47 /* Resources */,
			);
			buildRules = (
			);
			dependencies = (
			);
			name = janghakhere;
			productName = janghakhere;
			productReference = FB978C8C2BCD770600347D47 /* janghakhere.app */;
			productType = "com.apple.product-type.application";
		};
/* End PBXNativeTarget section */

/* Begin PBXProject section */
		FB978C842BCD770600347D47 /* Project object */ = {
			isa = PBXProject;
			attributes = {
				BuildIndependentTargetsInParallel = 1;
				LastSwiftUpdateCheck = 1520;
				LastUpgradeCheck = 1520;
				TargetAttributes = {
					FB978C8B2BCD770600347D47 = {
						CreatedOnToolsVersion = 15.2;
					};
				};
			};
			buildConfigurationList = FB978C872BCD770600347D47 /* Build configuration list for PBXProject "janghakhere" */;
			compatibilityVersion = "Xcode 14.0";
			developmentRegion = en;
			hasScannedForEncodings = 0;
			knownRegions = (
				en,
				Base,
			);
			mainGroup = FB978C832BCD770600347D47;
			productRefGroup = FB978C8D2BCD770600347D47 /* Products */;
			projectDirPath = "";
			projectRoot = "";
			targets = (
				FB978C8B2BCD770600347D47 /* janghakhere */,
			);
		};
/* End PBXProject section */

/* Begin PBXResourcesBuildPhase section */
		FB978C8A2BCD770600347D47 /* Resources */ = {
			isa = PBXResourcesBuildPhase;
			buildActionMask = 2147483647;
			files = (
				FB978C992BCD770800347D47 /* Preview Assets.xcassets in Resources */,
				FB978C962BCD770800347D47 /* Assets.xcassets in Resources */,
			);
			runOnlyForDeploymentPostprocessing = 0;
		};
/* End PBXResourcesBuildPhase section */

/* Begin PBXSourcesBuildPhase section */
		FB978C882BCD770600347D47 /* Sources */ = {
			isa = PBXSourcesBuildPhase;
			buildActionMask = 2147483647;
			files = (
				FB978CA42BCD777000347D47 /* Utils.swift in Sources */,
				FB978CAA2BCD79F300347D47 /* MyPageView.swift in Sources */,
				FB978CA12BCD773600347D47 /* ContentView.swift in Sources */,
				FBE769792BCF769E007F8DEF /* MainButtonView.swift in Sources */,
				FBEEBB932BCE9CC6006CE5EA /* DetailScholarship.swift in Sources */,
				FB978CAF2BCD7FF800347D47 /* extension.swift in Sources */,
				7B6445A52BD2A68100D4AF74 /* ChipsView.swift in Sources */,
				FBEEBB912BCE9CB2006CE5EA /* DetailScholarshipView.swift in Sources */,
				FB978CB12BCD83CC00347D47 /* IconCategory.swift in Sources */,
				FBEEBB872BCE97C2006CE5EA /* PublicAnnouncementStatusCategory.swift in Sources */,
				FBEEBB8C2BCE9BB0006CE5EA /* AllScholarshipActor.swift in Sources */,
				FBE7697B2BCF76A4007F8DEF /* GrayBoxGridView.swift in Sources */,
				FBE769772BCF7698007F8DEF /* GrayLineTextFieldView.swift in Sources */,
				FB978CB32BCD8C5700347D47 /* ScholarshipBoxView.swift in Sources */,
				FB978C922BCD770600347D47 /* SwiftDataView.swift in Sources */,
				FB978C942BCD770600347D47 /* Item.swift in Sources */,
				FBEEBBA12BCEAB40006CE5EA /* PathModel.swift in Sources */,
				FB978C902BCD770600347D47 /* janghakhereApp.swift in Sources */,
				FBEEBB8E2BCE9BC1006CE5EA /* AllScholarshipViewModel.swift in Sources */,
				FBEEBB8A2BCE98DF006CE5EA /* ScholarshipCategory.swift in Sources */,
				FB978CA82BCD79E900347D47 /* AllScholarshipView.swift in Sources */,
				FBE769832BCF8E11007F8DEF /* SlotMachineView.swift in Sources */,
				7B6445A22BCFF89A00D4AF74 /* Chip.swift in Sources */,
				FB978CA62BCD79CF00347D47 /* MyScholarshipView.swift in Sources */,
				FBEEBB852BCE972B006CE5EA /* ScholarshipBox.swift in Sources */,
				FBEEBBA42BCEAB56006CE5EA /* PathType.swift in Sources */,
				FBEEBBA62BCEB1AA006CE5EA /* HTTPUtils.swift in Sources */,
			);
			runOnlyForDeploymentPostprocessing = 0;
		};
/* End PBXSourcesBuildPhase section */

/* Begin XCBuildConfiguration section */
		FB978C9A2BCD770800347D47 /* Debug */ = {
			isa = XCBuildConfiguration;
			buildSettings = {
				ALWAYS_SEARCH_USER_PATHS = NO;
				ASSETCATALOG_COMPILER_GENERATE_SWIFT_ASSET_SYMBOL_EXTENSIONS = YES;
				CLANG_ANALYZER_NONNULL = YES;
				CLANG_ANALYZER_NUMBER_OBJECT_CONVERSION = YES_AGGRESSIVE;
				CLANG_CXX_LANGUAGE_STANDARD = "gnu++20";
				CLANG_ENABLE_MODULES = YES;
				CLANG_ENABLE_OBJC_ARC = YES;
				CLANG_ENABLE_OBJC_WEAK = YES;
				CLANG_WARN_BLOCK_CAPTURE_AUTORELEASING = YES;
				CLANG_WARN_BOOL_CONVERSION = YES;
				CLANG_WARN_COMMA = YES;
				CLANG_WARN_CONSTANT_CONVERSION = YES;
				CLANG_WARN_DEPRECATED_OBJC_IMPLEMENTATIONS = YES;
				CLANG_WARN_DIRECT_OBJC_ISA_USAGE = YES_ERROR;
				CLANG_WARN_DOCUMENTATION_COMMENTS = YES;
				CLANG_WARN_EMPTY_BODY = YES;
				CLANG_WARN_ENUM_CONVERSION = YES;
				CLANG_WARN_INFINITE_RECURSION = YES;
				CLANG_WARN_INT_CONVERSION = YES;
				CLANG_WARN_NON_LITERAL_NULL_CONVERSION = YES;
				CLANG_WARN_OBJC_IMPLICIT_RETAIN_SELF = YES;
				CLANG_WARN_OBJC_LITERAL_CONVERSION = YES;
				CLANG_WARN_OBJC_ROOT_CLASS = YES_ERROR;
				CLANG_WARN_QUOTED_INCLUDE_IN_FRAMEWORK_HEADER = YES;
				CLANG_WARN_RANGE_LOOP_ANALYSIS = YES;
				CLANG_WARN_STRICT_PROTOTYPES = YES;
				CLANG_WARN_SUSPICIOUS_MOVE = YES;
				CLANG_WARN_UNGUARDED_AVAILABILITY = YES_AGGRESSIVE;
				CLANG_WARN_UNREACHABLE_CODE = YES;
				CLANG_WARN__DUPLICATE_METHOD_MATCH = YES;
				COPY_PHASE_STRIP = NO;
				DEBUG_INFORMATION_FORMAT = dwarf;
				ENABLE_STRICT_OBJC_MSGSEND = YES;
				ENABLE_TESTABILITY = YES;
				ENABLE_USER_SCRIPT_SANDBOXING = YES;
				GCC_C_LANGUAGE_STANDARD = gnu17;
				GCC_DYNAMIC_NO_PIC = NO;
				GCC_NO_COMMON_BLOCKS = YES;
				GCC_OPTIMIZATION_LEVEL = 0;
				GCC_PREPROCESSOR_DEFINITIONS = (
					"DEBUG=1",
					"$(inherited)",
				);
				GCC_WARN_64_TO_32_BIT_CONVERSION = YES;
				GCC_WARN_ABOUT_RETURN_TYPE = YES_ERROR;
				GCC_WARN_UNDECLARED_SELECTOR = YES;
				GCC_WARN_UNINITIALIZED_AUTOS = YES_AGGRESSIVE;
				GCC_WARN_UNUSED_FUNCTION = YES;
				GCC_WARN_UNUSED_VARIABLE = YES;
				IPHONEOS_DEPLOYMENT_TARGET = 17.2;
				LOCALIZATION_PREFERS_STRING_CATALOGS = YES;
				MTL_ENABLE_DEBUG_INFO = INCLUDE_SOURCE;
				MTL_FAST_MATH = YES;
				ONLY_ACTIVE_ARCH = YES;
				SDKROOT = iphoneos;
				SWIFT_ACTIVE_COMPILATION_CONDITIONS = "DEBUG $(inherited)";
				SWIFT_OPTIMIZATION_LEVEL = "-Onone";
			};
			name = Debug;
		};
		FB978C9B2BCD770800347D47 /* Release */ = {
			isa = XCBuildConfiguration;
			buildSettings = {
				ALWAYS_SEARCH_USER_PATHS = NO;
				ASSETCATALOG_COMPILER_GENERATE_SWIFT_ASSET_SYMBOL_EXTENSIONS = YES;
				CLANG_ANALYZER_NONNULL = YES;
				CLANG_ANALYZER_NUMBER_OBJECT_CONVERSION = YES_AGGRESSIVE;
				CLANG_CXX_LANGUAGE_STANDARD = "gnu++20";
				CLANG_ENABLE_MODULES = YES;
				CLANG_ENABLE_OBJC_ARC = YES;
				CLANG_ENABLE_OBJC_WEAK = YES;
				CLANG_WARN_BLOCK_CAPTURE_AUTORELEASING = YES;
				CLANG_WARN_BOOL_CONVERSION = YES;
				CLANG_WARN_COMMA = YES;
				CLANG_WARN_CONSTANT_CONVERSION = YES;
				CLANG_WARN_DEPRECATED_OBJC_IMPLEMENTATIONS = YES;
				CLANG_WARN_DIRECT_OBJC_ISA_USAGE = YES_ERROR;
				CLANG_WARN_DOCUMENTATION_COMMENTS = YES;
				CLANG_WARN_EMPTY_BODY = YES;
				CLANG_WARN_ENUM_CONVERSION = YES;
				CLANG_WARN_INFINITE_RECURSION = YES;
				CLANG_WARN_INT_CONVERSION = YES;
				CLANG_WARN_NON_LITERAL_NULL_CONVERSION = YES;
				CLANG_WARN_OBJC_IMPLICIT_RETAIN_SELF = YES;
				CLANG_WARN_OBJC_LITERAL_CONVERSION = YES;
				CLANG_WARN_OBJC_ROOT_CLASS = YES_ERROR;
				CLANG_WARN_QUOTED_INCLUDE_IN_FRAMEWORK_HEADER = YES;
				CLANG_WARN_RANGE_LOOP_ANALYSIS = YES;
				CLANG_WARN_STRICT_PROTOTYPES = YES;
				CLANG_WARN_SUSPICIOUS_MOVE = YES;
				CLANG_WARN_UNGUARDED_AVAILABILITY = YES_AGGRESSIVE;
				CLANG_WARN_UNREACHABLE_CODE = YES;
				CLANG_WARN__DUPLICATE_METHOD_MATCH = YES;
				COPY_PHASE_STRIP = NO;
				DEBUG_INFORMATION_FORMAT = "dwarf-with-dsym";
				ENABLE_NS_ASSERTIONS = NO;
				ENABLE_STRICT_OBJC_MSGSEND = YES;
				ENABLE_USER_SCRIPT_SANDBOXING = YES;
				GCC_C_LANGUAGE_STANDARD = gnu17;
				GCC_NO_COMMON_BLOCKS = YES;
				GCC_WARN_64_TO_32_BIT_CONVERSION = YES;
				GCC_WARN_ABOUT_RETURN_TYPE = YES_ERROR;
				GCC_WARN_UNDECLARED_SELECTOR = YES;
				GCC_WARN_UNINITIALIZED_AUTOS = YES_AGGRESSIVE;
				GCC_WARN_UNUSED_FUNCTION = YES;
				GCC_WARN_UNUSED_VARIABLE = YES;
				IPHONEOS_DEPLOYMENT_TARGET = 17.2;
				LOCALIZATION_PREFERS_STRING_CATALOGS = YES;
				MTL_ENABLE_DEBUG_INFO = NO;
				MTL_FAST_MATH = YES;
				SDKROOT = iphoneos;
				SWIFT_COMPILATION_MODE = wholemodule;
				VALIDATE_PRODUCT = YES;
			};
			name = Release;
		};
		FB978C9D2BCD770800347D47 /* Debug */ = {
			isa = XCBuildConfiguration;
			buildSettings = {
				ASSETCATALOG_COMPILER_APPICON_NAME = AppIcon;
				ASSETCATALOG_COMPILER_GLOBAL_ACCENT_COLOR_NAME = AccentColor;
				CODE_SIGN_STYLE = Automatic;
				CURRENT_PROJECT_VERSION = 1;
				DEVELOPMENT_ASSET_PATHS = "\"janghakhere/Preview Content\"";
				DEVELOPMENT_TEAM = J7ZP3WYXRW;
				ENABLE_PREVIEWS = YES;
				GENERATE_INFOPLIST_FILE = YES;
				INFOPLIST_KEY_UIApplicationSceneManifest_Generation = YES;
				INFOPLIST_KEY_UIApplicationSupportsIndirectInputEvents = YES;
				INFOPLIST_KEY_UILaunchScreen_Generation = YES;
				INFOPLIST_KEY_UISupportedInterfaceOrientations = UIInterfaceOrientationPortrait;
				IPHONEOS_DEPLOYMENT_TARGET = 17.0;
				LD_RUNPATH_SEARCH_PATHS = (
					"$(inherited)",
					"@executable_path/Frameworks",
				);
				MARKETING_VERSION = 1.0;
				PRODUCT_BUNDLE_IDENTIFIER = bbushaebbushae.janghakhere;
				PRODUCT_NAME = "$(TARGET_NAME)";
				SWIFT_EMIT_LOC_STRINGS = YES;
				SWIFT_VERSION = 5.0;
				TARGETED_DEVICE_FAMILY = "1,2";
			};
			name = Debug;
		};
		FB978C9E2BCD770800347D47 /* Release */ = {
			isa = XCBuildConfiguration;
			buildSettings = {
				ASSETCATALOG_COMPILER_APPICON_NAME = AppIcon;
				ASSETCATALOG_COMPILER_GLOBAL_ACCENT_COLOR_NAME = AccentColor;
				CODE_SIGN_STYLE = Automatic;
				CURRENT_PROJECT_VERSION = 1;
				DEVELOPMENT_ASSET_PATHS = "\"janghakhere/Preview Content\"";
				DEVELOPMENT_TEAM = J7ZP3WYXRW;
				ENABLE_PREVIEWS = YES;
				GENERATE_INFOPLIST_FILE = YES;
				INFOPLIST_KEY_UIApplicationSceneManifest_Generation = YES;
				INFOPLIST_KEY_UIApplicationSupportsIndirectInputEvents = YES;
				INFOPLIST_KEY_UILaunchScreen_Generation = YES;
				INFOPLIST_KEY_UISupportedInterfaceOrientations = UIInterfaceOrientationPortrait;
				IPHONEOS_DEPLOYMENT_TARGET = 17.0;
				LD_RUNPATH_SEARCH_PATHS = (
					"$(inherited)",
					"@executable_path/Frameworks",
				);
				MARKETING_VERSION = 1.0;
				PRODUCT_BUNDLE_IDENTIFIER = bbushaebbushae.janghakhere;
				PRODUCT_NAME = "$(TARGET_NAME)";
				SWIFT_EMIT_LOC_STRINGS = YES;
				SWIFT_VERSION = 5.0;
				TARGETED_DEVICE_FAMILY = "1,2";
			};
			name = Release;
		};
/* End XCBuildConfiguration section */

/* Begin XCConfigurationList section */
		FB978C872BCD770600347D47 /* Build configuration list for PBXProject "janghakhere" */ = {
			isa = XCConfigurationList;
			buildConfigurations = (
				FB978C9A2BCD770800347D47 /* Debug */,
				FB978C9B2BCD770800347D47 /* Release */,
			);
			defaultConfigurationIsVisible = 0;
			defaultConfigurationName = Release;
		};
		FB978C9C2BCD770800347D47 /* Build configuration list for PBXNativeTarget "janghakhere" */ = {
			isa = XCConfigurationList;
			buildConfigurations = (
				FB978C9D2BCD770800347D47 /* Debug */,
				FB978C9E2BCD770800347D47 /* Release */,
			);
			defaultConfigurationIsVisible = 0;
			defaultConfigurationName = Release;
		};
/* End XCConfigurationList section */
	};
	rootObject = FB978C842BCD770600347D47 /* Project object */;
}
